// !$*UTF8*$!
{
	archiveVersion = 1;
	classes = {
	};
	objectVersion = 46;
	objects = {

/* Begin PBXBuildFile section */
		2B0382B01EB359E300EEC420 /* IMG_1776.PNG in Resources */ = {isa = PBXBuildFile; fileRef = 2B0382A91EB359E300EEC420 /* IMG_1776.PNG */; };
		2B0382B11EB359E300EEC420 /* IMG_1777.PNG in Resources */ = {isa = PBXBuildFile; fileRef = 2B0382AA1EB359E300EEC420 /* IMG_1777.PNG */; };
		2B0382B21EB359E300EEC420 /* IMG_1778.PNG in Resources */ = {isa = PBXBuildFile; fileRef = 2B0382AB1EB359E300EEC420 /* IMG_1778.PNG */; };
		2B0382B31EB359E300EEC420 /* IMG_1779.PNG in Resources */ = {isa = PBXBuildFile; fileRef = 2B0382AC1EB359E300EEC420 /* IMG_1779.PNG */; };
		2B0382B41EB359E300EEC420 /* IMG_1780.PNG in Resources */ = {isa = PBXBuildFile; fileRef = 2B0382AD1EB359E300EEC420 /* IMG_1780.PNG */; };
		2B0382B81EB35A6900EEC420 /* IMG_1782.PNG in Resources */ = {isa = PBXBuildFile; fileRef = 2B0382B71EB35A6900EEC420 /* IMG_1782.PNG */; };
		2B0382BA1EB35B4400EEC420 /* IMG_1781.PNG in Resources */ = {isa = PBXBuildFile; fileRef = 2B0382B91EB35B4400EEC420 /* IMG_1781.PNG */; };
		2B0A507A1EB8693D00F2758D /* back1.png in Resources */ = {isa = PBXBuildFile; fileRef = 2B0A50791EB8693D00F2758D /* back1.png */; };
		2B0A507C1EB86B4A00F2758D /* up.png in Resources */ = {isa = PBXBuildFile; fileRef = 2B0A507B1EB86B4A00F2758D /* up.png */; };
		2B0A507E1EB8D74700F2758D /* up1.png in Resources */ = {isa = PBXBuildFile; fileRef = 2B0A507D1EB8D74700F2758D /* up1.png */; };
		2B0A50801EB8D7E800F2758D /* backback.png in Resources */ = {isa = PBXBuildFile; fileRef = 2B0A507F1EB8D7E800F2758D /* backback.png */; };
		2B0A50821EB8DE6C00F2758D /* up3.png in Resources */ = {isa = PBXBuildFile; fileRef = 2B0A50811EB8DE6C00F2758D /* up3.png */; };
		2B0A50891EB9AD7F00F2758D /* AdSupport.framework in Frameworks */ = {isa = PBXBuildFile; fileRef = 2B0A50881EB9AD7F00F2758D /* AdSupport.framework */; };
		2B0A508B1EB9AD9600F2758D /* AudioToolbox.framework in Frameworks */ = {isa = PBXBuildFile; fileRef = 2B0A508A1EB9AD9600F2758D /* AudioToolbox.framework */; };
		2B0A508D1EB9ADA400F2758D /* AVFoundation.framework in Frameworks */ = {isa = PBXBuildFile; fileRef = 2B0A508C1EB9ADA400F2758D /* AVFoundation.framework */; };
		2B0A508F1EB9ADB200F2758D /* CoreGraphics.framework in Frameworks */ = {isa = PBXBuildFile; fileRef = 2B0A508E1EB9ADB200F2758D /* CoreGraphics.framework */; };
		2B0A50911EB9ADC300F2758D /* CoreTelephony.framework in Frameworks */ = {isa = PBXBuildFile; fileRef = 2B0A50901EB9ADC300F2758D /* CoreTelephony.framework */; };
		2B0A50931EB9ADD200F2758D /* EventKit.framework in Frameworks */ = {isa = PBXBuildFile; fileRef = 2B0A50921EB9ADD200F2758D /* EventKit.framework */; };
		2B0A50951EB9ADDA00F2758D /* EventKitUI.framework in Frameworks */ = {isa = PBXBuildFile; fileRef = 2B0A50941EB9ADDA00F2758D /* EventKitUI.framework */; };
		2B0A50971EB9ADE600F2758D /* MessageUI.framework in Frameworks */ = {isa = PBXBuildFile; fileRef = 2B0A50961EB9ADE600F2758D /* MessageUI.framework */; };
		2B0A50991EB9ADF500F2758D /* StoreKit.framework in Frameworks */ = {isa = PBXBuildFile; fileRef = 2B0A50981EB9ADF400F2758D /* StoreKit.framework */; };
		2B0A509B1EB9AE0300F2758D /* SystemConfiguration.framework in Frameworks */ = {isa = PBXBuildFile; fileRef = 2B0A509A1EB9AE0300F2758D /* SystemConfiguration.framework */; };
		2B0A509F1EB9B5D900F2758D /* GoogleMobileAds.framework in Frameworks */ = {isa = PBXBuildFile; fileRef = 2B0A509E1EB9B5D900F2758D /* GoogleMobileAds.framework */; };
		2B12A36B1E96153100D901A8 /* Info.plist in Resources */ = {isa = PBXBuildFile; fileRef = 2B12A36A1E96153100D901A8 /* Info.plist */; };
		2B12C9E01E90D9FA00962F0B /* tansu.swift in Sources */ = {isa = PBXBuildFile; fileRef = 2B12C9DF1E90D9FA00962F0B /* tansu.swift */; };
		2B12C9E21E90DDDF00962F0B /* clothes.swift in Sources */ = {isa = PBXBuildFile; fileRef = 2B12C9E11E90DDDF00962F0B /* clothes.swift */; };
		2B3B50291E94B27900FFE8B4 /* Myfashion+CoreDataClass.swift in Sources */ = {isa = PBXBuildFile; fileRef = 2B3B50271E94B27900FFE8B4 /* Myfashion+CoreDataClass.swift */; };
		2B3B502A1E94B27900FFE8B4 /* Myfashion+CoreDataProperties.swift in Sources */ = {isa = PBXBuildFile; fileRef = 2B3B50281E94B27900FFE8B4 /* Myfashion+CoreDataProperties.swift */; };
		2B3B502C1E94C81200FFE8B4 /* customImage.swift in Sources */ = {isa = PBXBuildFile; fileRef = 2B3B502B1E94C81200FFE8B4 /* customImage.swift */; };
		2B4468E21EADCB5A00482CD4 /* myfashionselect.png in Resources */ = {isa = PBXBuildFile; fileRef = 2B4468E11EADCB5A00482CD4 /* myfashionselect.png */; };
		2B4468E41EADCB6400482CD4 /* myitemselect.png in Resources */ = {isa = PBXBuildFile; fileRef = 2B4468E31EADCB6400482CD4 /* myitemselect.png */; };
		2B45A1A51EB1AFF400050EB9 /* b.png in Resources */ = {isa = PBXBuildFile; fileRef = 2B45A1981EB1AFF400050EB9 /* b.png */; };
		2B45A1A61EB1AFF400050EB9 /* c.png in Resources */ = {isa = PBXBuildFile; fileRef = 2B45A1991EB1AFF400050EB9 /* c.png */; };
		2B45A1A71EB1AFF400050EB9 /* e.png in Resources */ = {isa = PBXBuildFile; fileRef = 2B45A19A1EB1AFF400050EB9 /* e.png */; };
		2B45A1A81EB1AFF400050EB9 /* f.png in Resources */ = {isa = PBXBuildFile; fileRef = 2B45A19B1EB1AFF400050EB9 /* f.png */; };
		2B45A1A91EB1AFF400050EB9 /* g.png in Resources */ = {isa = PBXBuildFile; fileRef = 2B45A19C1EB1AFF400050EB9 /* g.png */; };
		2B45A1AA1EB1AFF400050EB9 /* h.png in Resources */ = {isa = PBXBuildFile; fileRef = 2B45A19D1EB1AFF400050EB9 /* h.png */; };
		2B45A1AB1EB1AFF400050EB9 /* i.png in Resources */ = {isa = PBXBuildFile; fileRef = 2B45A19E1EB1AFF400050EB9 /* i.png */; };
		2B45A1AC1EB1AFF400050EB9 /* j.png in Resources */ = {isa = PBXBuildFile; fileRef = 2B45A19F1EB1AFF400050EB9 /* j.png */; };
		2B45A1AD1EB1AFF400050EB9 /* k.png in Resources */ = {isa = PBXBuildFile; fileRef = 2B45A1A01EB1AFF400050EB9 /* k.png */; };
		2B45A1AE1EB1AFF400050EB9 /* n.png in Resources */ = {isa = PBXBuildFile; fileRef = 2B45A1A11EB1AFF400050EB9 /* n.png */; };
		2B45A1AF1EB1AFF400050EB9 /* o.png in Resources */ = {isa = PBXBuildFile; fileRef = 2B45A1A21EB1AFF400050EB9 /* o.png */; };
		2B45A1B01EB1AFF400050EB9 /* p.png in Resources */ = {isa = PBXBuildFile; fileRef = 2B45A1A31EB1AFF400050EB9 /* p.png */; };
		2B45A1B11EB1AFF400050EB9 /* qq.png in Resources */ = {isa = PBXBuildFile; fileRef = 2B45A1A41EB1AFF400050EB9 /* qq.png */; };
		2B4E99311EC097B30023894A /* customfashion.swift in Sources */ = {isa = PBXBuildFile; fileRef = 2B4E99301EC097B30023894A /* customfashion.swift */; };
		2B4E99331EC09E5A0023894A /* allfashion.swift in Sources */ = {isa = PBXBuildFile; fileRef = 2B4E99321EC09E5A0023894A /* allfashion.swift */; };
		2B5550661E88F430004EEEEF /* AppDelegate.swift in Sources */ = {isa = PBXBuildFile; fileRef = 2B5550651E88F430004EEEEF /* AppDelegate.swift */; };
		2B55506B1E88F430004EEEEF /* Main.storyboard in Resources */ = {isa = PBXBuildFile; fileRef = 2B5550691E88F430004EEEEF /* Main.storyboard */; };
		2B55506D1E88F430004EEEEF /* Assets.xcassets in Resources */ = {isa = PBXBuildFile; fileRef = 2B55506C1E88F430004EEEEF /* Assets.xcassets */; };
		2B5550701E88F430004EEEEF /* LaunchScreen.storyboard in Resources */ = {isa = PBXBuildFile; fileRef = 2B55506E1E88F430004EEEEF /* LaunchScreen.storyboard */; };
		2B55507B1E88F430004EEEEF /* nishisujiTests.swift in Sources */ = {isa = PBXBuildFile; fileRef = 2B55507A1E88F430004EEEEF /* nishisujiTests.swift */; };
		2B5550861E88F430004EEEEF /* nishisujiUITests.swift in Sources */ = {isa = PBXBuildFile; fileRef = 2B5550851E88F430004EEEEF /* nishisujiUITests.swift */; };
		2B5550941E8919C0004EEEEF /* yesterday.jpg in Resources */ = {isa = PBXBuildFile; fileRef = 2B5550931E8919C0004EEEEF /* yesterday.jpg */; };
		2B625E701EB0E9B50059EB38 /* 11.png in Resources */ = {isa = PBXBuildFile; fileRef = 2B625E691EB0E9B50059EB38 /* 11.png */; };
		2B625E711EB0E9B50059EB38 /* 12.png in Resources */ = {isa = PBXBuildFile; fileRef = 2B625E6A1EB0E9B50059EB38 /* 12.png */; };
		2B625E721EB0E9B50059EB38 /* 13.png in Resources */ = {isa = PBXBuildFile; fileRef = 2B625E6B1EB0E9B50059EB38 /* 13.png */; };
		2B625E731EB0E9B50059EB38 /* 14.png in Resources */ = {isa = PBXBuildFile; fileRef = 2B625E6C1EB0E9B50059EB38 /* 14.png */; };
		2B625E741EB0E9B50059EB38 /* 15.png in Resources */ = {isa = PBXBuildFile; fileRef = 2B625E6D1EB0E9B50059EB38 /* 15.png */; };
		2B625E751EB0E9B50059EB38 /* 16.png in Resources */ = {isa = PBXBuildFile; fileRef = 2B625E6E1EB0E9B50059EB38 /* 16.png */; };
		2B625E761EB0E9B50059EB38 /* 17.png in Resources */ = {isa = PBXBuildFile; fileRef = 2B625E6F1EB0E9B50059EB38 /* 17.png */; };
		2B640DC41EABDD4200039039 /* 01.png in Resources */ = {isa = PBXBuildFile; fileRef = 2B640DC31EABDD4200039039 /* 01.png */; };
		2B640DC61EABDD4B00039039 /* 03.png in Resources */ = {isa = PBXBuildFile; fileRef = 2B640DC51EABDD4B00039039 /* 03.png */; };
		2B6C6EEB1E8A2773005E85BD /* ViewController.swift in Sources */ = {isa = PBXBuildFile; fileRef = 2B6C6EEA1E8A2773005E85BD /* ViewController.swift */; };
		2B6C6EED1E8A3194005E85BD /* customCell.swift in Sources */ = {isa = PBXBuildFile; fileRef = 2B6C6EEC1E8A3194005E85BD /* customCell.swift */; };
		2B752BA41E9103C9003B1F71 /* tuika.swift in Sources */ = {isa = PBXBuildFile; fileRef = 2B752BA31E9103C9003B1F71 /* tuika.swift */; };
		2B77F2681EAC847F0041FB44 /* 04.jpg in Resources */ = {isa = PBXBuildFile; fileRef = 2B77F2671EAC847F0041FB44 /* 04.jpg */; };
		2B8093621E8CCC8F006FA676 /* categorydetail.swift in Sources */ = {isa = PBXBuildFile; fileRef = 2B8093611E8CCC8F006FA676 /* categorydetail.swift */; };
		2B8A86561E892D66006BFF70 /* category.swift in Sources */ = {isa = PBXBuildFile; fileRef = 2B8A86551E892D66006BFF70 /* category.swift */; };
		2B9B08A61EA286A000EDBDB8 /* everyday.swift in Sources */ = {isa = PBXBuildFile; fileRef = 2B9B08A51EA286A000EDBDB8 /* everyday.swift */; };
		2BA615381EB05F28009CBDB1 /* d.png in Resources */ = {isa = PBXBuildFile; fileRef = 2BA615371EB05F28009CBDB1 /* d.png */; };
		2BA6153A1EB05F36009CBDB1 /* l.png in Resources */ = {isa = PBXBuildFile; fileRef = 2BA615391EB05F36009CBDB1 /* l.png */; };
		2BA6153C1EB05F3F009CBDB1 /* m.png in Resources */ = {isa = PBXBuildFile; fileRef = 2BA6153B1EB05F3F009CBDB1 /* m.png */; };
		2BA615401EB0652C009CBDB1 /* ww.png in Resources */ = {isa = PBXBuildFile; fileRef = 2BA6153F1EB0652C009CBDB1 /* ww.png */; };
		2BABD6CF1EAFAAC0007828E1 /* 002.png in Resources */ = {isa = PBXBuildFile; fileRef = 2BABD6C91EAFAAC0007828E1 /* 002.png */; };
		2BABD6D01EAFAAC0007828E1 /* 003.png in Resources */ = {isa = PBXBuildFile; fileRef = 2BABD6CA1EAFAAC0007828E1 /* 003.png */; };
		2BABD6D11EAFAAC0007828E1 /* 004.png in Resources */ = {isa = PBXBuildFile; fileRef = 2BABD6CB1EAFAAC0007828E1 /* 004.png */; };
		2BABD6D21EAFAAC0007828E1 /* 005.png in Resources */ = {isa = PBXBuildFile; fileRef = 2BABD6CC1EAFAAC0007828E1 /* 005.png */; };
		2BABD6D31EAFAAC0007828E1 /* 006.png in Resources */ = {isa = PBXBuildFile; fileRef = 2BABD6CD1EAFAAC0007828E1 /* 006.png */; };
		2BABD6D41EAFAAC0007828E1 /* 007.png in Resources */ = {isa = PBXBuildFile; fileRef = 2BABD6CE1EAFAAC0007828E1 /* 007.png */; };
		2BB1B39E1EB327BF00E71E5D /* qqq.png in Resources */ = {isa = PBXBuildFile; fileRef = 2BB1B39A1EB327BF00E71E5D /* qqq.png */; };
		2BB1B39F1EB327BF00E71E5D /* rrr.png in Resources */ = {isa = PBXBuildFile; fileRef = 2BB1B39B1EB327BF00E71E5D /* rrr.png */; };
		2BB1B3A41EB327D900E71E5D /* www.png in Resources */ = {isa = PBXBuildFile; fileRef = 2BB1B3A21EB327D900E71E5D /* www.png */; };
		2BB1B3A71EB327E500E71E5D /* eee.png in Resources */ = {isa = PBXBuildFile; fileRef = 2BB1B3A61EB327E500E71E5D /* eee.png */; };
		2BB527DF1E8B7E08003E2451 /* newFashionViewController.swift in Sources */ = {isa = PBXBuildFile; fileRef = 2BB527DE1E8B7E08003E2451 /* newFashionViewController.swift */; };
		2BC5D4CB1E93634A00852777 /* nishisuji.xcdatamodeld in Sources */ = {isa = PBXBuildFile; fileRef = 2BC5D4C91E93634A00852777 /* nishisuji.xcdatamodeld */; };
		2BC5D4D01E93666700852777 /* Myitem+CoreDataClass.swift in Sources */ = {isa = PBXBuildFile; fileRef = 2BC5D4CC1E93666700852777 /* Myitem+CoreDataClass.swift */; };
		2BC5D4D11E93666700852777 /* Myitem+CoreDataProperties.swift in Sources */ = {isa = PBXBuildFile; fileRef = 2BC5D4CD1E93666700852777 /* Myitem+CoreDataProperties.swift */; };
/* End PBXBuildFile section */

/* Begin PBXContainerItemProxy section */
		2B5550771E88F430004EEEEF /* PBXContainerItemProxy */ = {
			isa = PBXContainerItemProxy;
			containerPortal = 2B55505A1E88F430004EEEEF /* Project object */;
			proxyType = 1;
			remoteGlobalIDString = 2B5550611E88F430004EEEEF;
			remoteInfo = nishisuji;
		};
		2B5550821E88F430004EEEEF /* PBXContainerItemProxy */ = {
			isa = PBXContainerItemProxy;
			containerPortal = 2B55505A1E88F430004EEEEF /* Project object */;
			proxyType = 1;
			remoteGlobalIDString = 2B5550611E88F430004EEEEF;
			remoteInfo = nishisuji;
		};
/* End PBXContainerItemProxy section */

/* Begin PBXFileReference section */
		2B0382A91EB359E300EEC420 /* IMG_1776.PNG */ = {isa = PBXFileReference; lastKnownFileType = image.png; name = IMG_1776.PNG; path = ../IMG_1776.PNG; sourceTree = "<group>"; };
		2B0382AA1EB359E300EEC420 /* IMG_1777.PNG */ = {isa = PBXFileReference; lastKnownFileType = image.png; name = IMG_1777.PNG; path = ../IMG_1777.PNG; sourceTree = "<group>"; };
		2B0382AB1EB359E300EEC420 /* IMG_1778.PNG */ = {isa = PBXFileReference; lastKnownFileType = image.png; name = IMG_1778.PNG; path = ../IMG_1778.PNG; sourceTree = "<group>"; };
		2B0382AC1EB359E300EEC420 /* IMG_1779.PNG */ = {isa = PBXFileReference; lastKnownFileType = image.png; name = IMG_1779.PNG; path = ../IMG_1779.PNG; sourceTree = "<group>"; };
		2B0382AD1EB359E300EEC420 /* IMG_1780.PNG */ = {isa = PBXFileReference; lastKnownFileType = image.png; name = IMG_1780.PNG; path = ../IMG_1780.PNG; sourceTree = "<group>"; };
		2B0382B71EB35A6900EEC420 /* IMG_1782.PNG */ = {isa = PBXFileReference; lastKnownFileType = image.png; name = IMG_1782.PNG; path = ../IMG_1782.PNG; sourceTree = "<group>"; };
		2B0382B91EB35B4400EEC420 /* IMG_1781.PNG */ = {isa = PBXFileReference; lastKnownFileType = image.png; name = IMG_1781.PNG; path = ../IMG_1781.PNG; sourceTree = "<group>"; };
		2B0A50791EB8693D00F2758D /* back1.png */ = {isa = PBXFileReference; lastKnownFileType = image.png; path = back1.png; sourceTree = "<group>"; };
		2B0A507B1EB86B4A00F2758D /* up.png */ = {isa = PBXFileReference; lastKnownFileType = image.png; path = up.png; sourceTree = "<group>"; };
		2B0A507D1EB8D74700F2758D /* up1.png */ = {isa = PBXFileReference; lastKnownFileType = image.png; path = up1.png; sourceTree = "<group>"; };
		2B0A507F1EB8D7E800F2758D /* backback.png */ = {isa = PBXFileReference; lastKnownFileType = image.png; path = backback.png; sourceTree = "<group>"; };
		2B0A50811EB8DE6C00F2758D /* up3.png */ = {isa = PBXFileReference; lastKnownFileType = image.png; path = up3.png; sourceTree = "<group>"; };
		2B0A50881EB9AD7F00F2758D /* AdSupport.framework */ = {isa = PBXFileReference; lastKnownFileType = wrapper.framework; name = AdSupport.framework; path = System/Library/Frameworks/AdSupport.framework; sourceTree = SDKROOT; };
		2B0A508A1EB9AD9600F2758D /* AudioToolbox.framework */ = {isa = PBXFileReference; lastKnownFileType = wrapper.framework; name = AudioToolbox.framework; path = System/Library/Frameworks/AudioToolbox.framework; sourceTree = SDKROOT; };
		2B0A508C1EB9ADA400F2758D /* AVFoundation.framework */ = {isa = PBXFileReference; lastKnownFileType = wrapper.framework; name = AVFoundation.framework; path = System/Library/Frameworks/AVFoundation.framework; sourceTree = SDKROOT; };
		2B0A508E1EB9ADB200F2758D /* CoreGraphics.framework */ = {isa = PBXFileReference; lastKnownFileType = wrapper.framework; name = CoreGraphics.framework; path = System/Library/Frameworks/CoreGraphics.framework; sourceTree = SDKROOT; };
		2B0A50901EB9ADC300F2758D /* CoreTelephony.framework */ = {isa = PBXFileReference; lastKnownFileType = wrapper.framework; name = CoreTelephony.framework; path = System/Library/Frameworks/CoreTelephony.framework; sourceTree = SDKROOT; };
		2B0A50921EB9ADD200F2758D /* EventKit.framework */ = {isa = PBXFileReference; lastKnownFileType = wrapper.framework; name = EventKit.framework; path = System/Library/Frameworks/EventKit.framework; sourceTree = SDKROOT; };
		2B0A50941EB9ADDA00F2758D /* EventKitUI.framework */ = {isa = PBXFileReference; lastKnownFileType = wrapper.framework; name = EventKitUI.framework; path = System/Library/Frameworks/EventKitUI.framework; sourceTree = SDKROOT; };
		2B0A50961EB9ADE600F2758D /* MessageUI.framework */ = {isa = PBXFileReference; lastKnownFileType = wrapper.framework; name = MessageUI.framework; path = System/Library/Frameworks/MessageUI.framework; sourceTree = SDKROOT; };
		2B0A50981EB9ADF400F2758D /* StoreKit.framework */ = {isa = PBXFileReference; lastKnownFileType = wrapper.framework; name = StoreKit.framework; path = System/Library/Frameworks/StoreKit.framework; sourceTree = SDKROOT; };
		2B0A509A1EB9AE0300F2758D /* SystemConfiguration.framework */ = {isa = PBXFileReference; lastKnownFileType = wrapper.framework; name = SystemConfiguration.framework; path = System/Library/Frameworks/SystemConfiguration.framework; sourceTree = SDKROOT; };
		2B0A509E1EB9B5D900F2758D /* GoogleMobileAds.framework */ = {isa = PBXFileReference; lastKnownFileType = wrapper.framework; path = GoogleMobileAds.framework; sourceTree = "<group>"; };
		2B12A36A1E96153100D901A8 /* Info.plist */ = {isa = PBXFileReference; fileEncoding = 4; lastKnownFileType = text.plist.xml; path = Info.plist; sourceTree = "<group>"; };
		2B12C9DF1E90D9FA00962F0B /* tansu.swift */ = {isa = PBXFileReference; fileEncoding = 4; lastKnownFileType = sourcecode.swift; path = tansu.swift; sourceTree = "<group>"; };
		2B12C9E11E90DDDF00962F0B /* clothes.swift */ = {isa = PBXFileReference; fileEncoding = 4; lastKnownFileType = sourcecode.swift; path = clothes.swift; sourceTree = "<group>"; };
		2B3B50271E94B27900FFE8B4 /* Myfashion+CoreDataClass.swift */ = {isa = PBXFileReference; fileEncoding = 4; lastKnownFileType = sourcecode.swift; path = "Myfashion+CoreDataClass.swift"; sourceTree = "<group>"; };
		2B3B50281E94B27900FFE8B4 /* Myfashion+CoreDataProperties.swift */ = {isa = PBXFileReference; fileEncoding = 4; lastKnownFileType = sourcecode.swift; path = "Myfashion+CoreDataProperties.swift"; sourceTree = "<group>"; };
		2B3B502B1E94C81200FFE8B4 /* customImage.swift */ = {isa = PBXFileReference; fileEncoding = 4; lastKnownFileType = sourcecode.swift; path = customImage.swift; sourceTree = "<group>"; };
		2B4468E11EADCB5A00482CD4 /* myfashionselect.png */ = {isa = PBXFileReference; lastKnownFileType = image.png; path = myfashionselect.png; sourceTree = "<group>"; };
		2B4468E31EADCB6400482CD4 /* myitemselect.png */ = {isa = PBXFileReference; lastKnownFileType = image.png; path = myitemselect.png; sourceTree = "<group>"; };
		2B45A1981EB1AFF400050EB9 /* b.png */ = {isa = PBXFileReference; lastKnownFileType = image.png; path = b.png; sourceTree = "<group>"; };
		2B45A1991EB1AFF400050EB9 /* c.png */ = {isa = PBXFileReference; lastKnownFileType = image.png; path = c.png; sourceTree = "<group>"; };
		2B45A19A1EB1AFF400050EB9 /* e.png */ = {isa = PBXFileReference; lastKnownFileType = image.png; path = e.png; sourceTree = "<group>"; };
		2B45A19B1EB1AFF400050EB9 /* f.png */ = {isa = PBXFileReference; lastKnownFileType = image.png; path = f.png; sourceTree = "<group>"; };
		2B45A19C1EB1AFF400050EB9 /* g.png */ = {isa = PBXFileReference; lastKnownFileType = image.png; path = g.png; sourceTree = "<group>"; };
		2B45A19D1EB1AFF400050EB9 /* h.png */ = {isa = PBXFileReference; lastKnownFileType = image.png; path = h.png; sourceTree = "<group>"; };
		2B45A19E1EB1AFF400050EB9 /* i.png */ = {isa = PBXFileReference; lastKnownFileType = image.png; path = i.png; sourceTree = "<group>"; };
		2B45A19F1EB1AFF400050EB9 /* j.png */ = {isa = PBXFileReference; lastKnownFileType = image.png; path = j.png; sourceTree = "<group>"; };
		2B45A1A01EB1AFF400050EB9 /* k.png */ = {isa = PBXFileReference; lastKnownFileType = image.png; path = k.png; sourceTree = "<group>"; };
		2B45A1A11EB1AFF400050EB9 /* n.png */ = {isa = PBXFileReference; lastKnownFileType = image.png; path = n.png; sourceTree = "<group>"; };
		2B45A1A21EB1AFF400050EB9 /* o.png */ = {isa = PBXFileReference; lastKnownFileType = image.png; path = o.png; sourceTree = "<group>"; };
		2B45A1A31EB1AFF400050EB9 /* p.png */ = {isa = PBXFileReference; lastKnownFileType = image.png; path = p.png; sourceTree = "<group>"; };
		2B45A1A41EB1AFF400050EB9 /* qq.png */ = {isa = PBXFileReference; lastKnownFileType = image.png; path = qq.png; sourceTree = "<group>"; };
		2B4E99301EC097B30023894A /* customfashion.swift */ = {isa = PBXFileReference; fileEncoding = 4; lastKnownFileType = sourcecode.swift; path = customfashion.swift; sourceTree = "<group>"; };
		2B4E99321EC09E5A0023894A /* allfashion.swift */ = {isa = PBXFileReference; fileEncoding = 4; lastKnownFileType = sourcecode.swift; path = allfashion.swift; sourceTree = "<group>"; };
		2B5550621E88F430004EEEEF /* nishisuji.app */ = {isa = PBXFileReference; explicitFileType = wrapper.application; includeInIndex = 0; path = nishisuji.app; sourceTree = BUILT_PRODUCTS_DIR; };
		2B5550651E88F430004EEEEF /* AppDelegate.swift */ = {isa = PBXFileReference; lastKnownFileType = sourcecode.swift; path = AppDelegate.swift; sourceTree = "<group>"; };
		2B55506A1E88F430004EEEEF /* Base */ = {isa = PBXFileReference; lastKnownFileType = file.storyboard; name = Base; path = Base.lproj/Main.storyboard; sourceTree = "<group>"; };
		2B55506C1E88F430004EEEEF /* Assets.xcassets */ = {isa = PBXFileReference; lastKnownFileType = folder.assetcatalog; path = Assets.xcassets; sourceTree = "<group>"; };
		2B55506F1E88F430004EEEEF /* Base */ = {isa = PBXFileReference; lastKnownFileType = file.storyboard; name = Base; path = Base.lproj/LaunchScreen.storyboard; sourceTree = "<group>"; };
		2B5550761E88F430004EEEEF /* nishisujiTests.xctest */ = {isa = PBXFileReference; explicitFileType = wrapper.cfbundle; includeInIndex = 0; path = nishisujiTests.xctest; sourceTree = BUILT_PRODUCTS_DIR; };
		2B55507A1E88F430004EEEEF /* nishisujiTests.swift */ = {isa = PBXFileReference; lastKnownFileType = sourcecode.swift; path = nishisujiTests.swift; sourceTree = "<group>"; };
		2B55507C1E88F430004EEEEF /* Info.plist */ = {isa = PBXFileReference; lastKnownFileType = text.plist.xml; path = Info.plist; sourceTree = "<group>"; };
		2B5550811E88F430004EEEEF /* nishisujiUITests.xctest */ = {isa = PBXFileReference; explicitFileType = wrapper.cfbundle; includeInIndex = 0; path = nishisujiUITests.xctest; sourceTree = BUILT_PRODUCTS_DIR; };
		2B5550851E88F430004EEEEF /* nishisujiUITests.swift */ = {isa = PBXFileReference; lastKnownFileType = sourcecode.swift; path = nishisujiUITests.swift; sourceTree = "<group>"; };
		2B5550871E88F430004EEEEF /* Info.plist */ = {isa = PBXFileReference; lastKnownFileType = text.plist.xml; path = Info.plist; sourceTree = "<group>"; };
		2B5550931E8919C0004EEEEF /* yesterday.jpg */ = {isa = PBXFileReference; lastKnownFileType = image.jpeg; path = yesterday.jpg; sourceTree = "<group>"; };
		2B625E691EB0E9B50059EB38 /* 11.png */ = {isa = PBXFileReference; lastKnownFileType = image.png; path = 11.png; sourceTree = "<group>"; };
		2B625E6A1EB0E9B50059EB38 /* 12.png */ = {isa = PBXFileReference; lastKnownFileType = image.png; path = 12.png; sourceTree = "<group>"; };
		2B625E6B1EB0E9B50059EB38 /* 13.png */ = {isa = PBXFileReference; lastKnownFileType = image.png; path = 13.png; sourceTree = "<group>"; };
		2B625E6C1EB0E9B50059EB38 /* 14.png */ = {isa = PBXFileReference; lastKnownFileType = image.png; path = 14.png; sourceTree = "<group>"; };
		2B625E6D1EB0E9B50059EB38 /* 15.png */ = {isa = PBXFileReference; lastKnownFileType = image.png; path = 15.png; sourceTree = "<group>"; };
		2B625E6E1EB0E9B50059EB38 /* 16.png */ = {isa = PBXFileReference; lastKnownFileType = image.png; path = 16.png; sourceTree = "<group>"; };
		2B625E6F1EB0E9B50059EB38 /* 17.png */ = {isa = PBXFileReference; lastKnownFileType = image.png; path = 17.png; sourceTree = "<group>"; };
		2B640DC31EABDD4200039039 /* 01.png */ = {isa = PBXFileReference; lastKnownFileType = image.png; path = 01.png; sourceTree = "<group>"; };
		2B640DC51EABDD4B00039039 /* 03.png */ = {isa = PBXFileReference; lastKnownFileType = image.png; path = 03.png; sourceTree = "<group>"; };
		2B6C6EEA1E8A2773005E85BD /* ViewController.swift */ = {isa = PBXFileReference; fileEncoding = 4; lastKnownFileType = sourcecode.swift; path = ViewController.swift; sourceTree = "<group>"; };
		2B6C6EEC1E8A3194005E85BD /* customCell.swift */ = {isa = PBXFileReference; fileEncoding = 4; lastKnownFileType = sourcecode.swift; path = customCell.swift; sourceTree = "<group>"; };
		2B752BA31E9103C9003B1F71 /* tuika.swift */ = {isa = PBXFileReference; fileEncoding = 4; lastKnownFileType = sourcecode.swift; path = tuika.swift; sourceTree = "<group>"; };
		2B77F2671EAC847F0041FB44 /* 04.jpg */ = {isa = PBXFileReference; lastKnownFileType = image.jpeg; name = 04.jpg; path = ../04.jpg; sourceTree = "<group>"; };
		2B8093611E8CCC8F006FA676 /* categorydetail.swift */ = {isa = PBXFileReference; fileEncoding = 4; lastKnownFileType = sourcecode.swift; path = categorydetail.swift; sourceTree = "<group>"; };
		2B8A86551E892D66006BFF70 /* category.swift */ = {isa = PBXFileReference; fileEncoding = 4; lastKnownFileType = sourcecode.swift; path = category.swift; sourceTree = "<group>"; };
		2B9B08A51EA286A000EDBDB8 /* everyday.swift */ = {isa = PBXFileReference; fileEncoding = 4; lastKnownFileType = sourcecode.swift; path = everyday.swift; sourceTree = "<group>"; };
		2BA615371EB05F28009CBDB1 /* d.png */ = {isa = PBXFileReference; lastKnownFileType = image.png; path = d.png; sourceTree = "<group>"; };
		2BA615391EB05F36009CBDB1 /* l.png */ = {isa = PBXFileReference; lastKnownFileType = image.png; path = l.png; sourceTree = "<group>"; };
		2BA6153B1EB05F3F009CBDB1 /* m.png */ = {isa = PBXFileReference; lastKnownFileType = image.png; path = m.png; sourceTree = "<group>"; };
		2BA6153F1EB0652C009CBDB1 /* ww.png */ = {isa = PBXFileReference; lastKnownFileType = image.png; path = ww.png; sourceTree = "<group>"; };
		2BABD6C91EAFAAC0007828E1 /* 002.png */ = {isa = PBXFileReference; lastKnownFileType = image.png; name = 002.png; path = "../../写真/002.png"; sourceTree = "<group>"; };
		2BABD6CA1EAFAAC0007828E1 /* 003.png */ = {isa = PBXFileReference; lastKnownFileType = image.png; name = 003.png; path = "../../写真/003.png"; sourceTree = "<group>"; };
		2BABD6CB1EAFAAC0007828E1 /* 004.png */ = {isa = PBXFileReference; lastKnownFileType = image.png; name = 004.png; path = "../../写真/004.png"; sourceTree = "<group>"; };
		2BABD6CC1EAFAAC0007828E1 /* 005.png */ = {isa = PBXFileReference; lastKnownFileType = image.png; name = 005.png; path = "../../写真/005.png"; sourceTree = "<group>"; };
		2BABD6CD1EAFAAC0007828E1 /* 006.png */ = {isa = PBXFileReference; lastKnownFileType = image.png; name = 006.png; path = "../../写真/006.png"; sourceTree = "<group>"; };
		2BABD6CE1EAFAAC0007828E1 /* 007.png */ = {isa = PBXFileReference; lastKnownFileType = image.png; name = 007.png; path = "../../写真/007.png"; sourceTree = "<group>"; };
		2BB1B39A1EB327BF00E71E5D /* qqq.png */ = {isa = PBXFileReference; lastKnownFileType = image.png; name = qqq.png; path = "../../写真/qqq.png"; sourceTree = "<group>"; };
		2BB1B39B1EB327BF00E71E5D /* rrr.png */ = {isa = PBXFileReference; lastKnownFileType = image.png; name = rrr.png; path = "../../写真/rrr.png"; sourceTree = "<group>"; };
		2BB1B3A21EB327D900E71E5D /* www.png */ = {isa = PBXFileReference; lastKnownFileType = image.png; name = www.png; path = "../../写真/www.png"; sourceTree = "<group>"; };
		2BB1B3A61EB327E500E71E5D /* eee.png */ = {isa = PBXFileReference; lastKnownFileType = image.png; name = eee.png; path = "../../写真/eee.png"; sourceTree = "<group>"; };
		2BB527DE1E8B7E08003E2451 /* newFashionViewController.swift */ = {isa = PBXFileReference; fileEncoding = 4; lastKnownFileType = sourcecode.swift; path = newFashionViewController.swift; sourceTree = "<group>"; };
		2BC5D4CA1E93634A00852777 /* nishisuji.xcdatamodel */ = {isa = PBXFileReference; lastKnownFileType = wrapper.xcdatamodel; path = nishisuji.xcdatamodel; sourceTree = "<group>"; };
		2BC5D4CC1E93666700852777 /* Myitem+CoreDataClass.swift */ = {isa = PBXFileReference; fileEncoding = 4; lastKnownFileType = sourcecode.swift; path = "Myitem+CoreDataClass.swift"; sourceTree = "<group>"; };
		2BC5D4CD1E93666700852777 /* Myitem+CoreDataProperties.swift */ = {isa = PBXFileReference; fileEncoding = 4; lastKnownFileType = sourcecode.swift; path = "Myitem+CoreDataProperties.swift"; sourceTree = "<group>"; };
/* End PBXFileReference section */

/* Begin PBXFrameworksBuildPhase section */
		2B55505F1E88F430004EEEEF /* Frameworks */ = {
			isa = PBXFrameworksBuildPhase;
			buildActionMask = 2147483647;
			files = (
				2B0A509B1EB9AE0300F2758D /* SystemConfiguration.framework in Frameworks */,
				2B0A50991EB9ADF500F2758D /* StoreKit.framework in Frameworks */,
				2B0A50971EB9ADE600F2758D /* MessageUI.framework in Frameworks */,
				2B0A509F1EB9B5D900F2758D /* GoogleMobileAds.framework in Frameworks */,
				2B0A50951EB9ADDA00F2758D /* EventKitUI.framework in Frameworks */,
				2B0A50931EB9ADD200F2758D /* EventKit.framework in Frameworks */,
				2B0A50911EB9ADC300F2758D /* CoreTelephony.framework in Frameworks */,
				2B0A508F1EB9ADB200F2758D /* CoreGraphics.framework in Frameworks */,
				2B0A508D1EB9ADA400F2758D /* AVFoundation.framework in Frameworks */,
				2B0A508B1EB9AD9600F2758D /* AudioToolbox.framework in Frameworks */,
				2B0A50891EB9AD7F00F2758D /* AdSupport.framework in Frameworks */,
			);
			runOnlyForDeploymentPostprocessing = 0;
		};
		2B5550731E88F430004EEEEF /* Frameworks */ = {
			isa = PBXFrameworksBuildPhase;
			buildActionMask = 2147483647;
			files = (
			);
			runOnlyForDeploymentPostprocessing = 0;
		};
		2B55507E1E88F430004EEEEF /* Frameworks */ = {
			isa = PBXFrameworksBuildPhase;
			buildActionMask = 2147483647;
			files = (
			);
			runOnlyForDeploymentPostprocessing = 0;
		};
/* End PBXFrameworksBuildPhase section */

/* Begin PBXGroup section */
		2B0A50871EB9AD7E00F2758D /* Frameworks */ = {
			isa = PBXGroup;
			children = (
				2B0A509A1EB9AE0300F2758D /* SystemConfiguration.framework */,
				2B0A50981EB9ADF400F2758D /* StoreKit.framework */,
				2B0A50961EB9ADE600F2758D /* MessageUI.framework */,
				2B0A50941EB9ADDA00F2758D /* EventKitUI.framework */,
				2B0A50921EB9ADD200F2758D /* EventKit.framework */,
				2B0A50901EB9ADC300F2758D /* CoreTelephony.framework */,
				2B0A508E1EB9ADB200F2758D /* CoreGraphics.framework */,
				2B0A508C1EB9ADA400F2758D /* AVFoundation.framework */,
				2B0A508A1EB9AD9600F2758D /* AudioToolbox.framework */,
				2B0A50881EB9AD7F00F2758D /* AdSupport.framework */,
			);
			name = Frameworks;
			sourceTree = "<group>";
		};
		2B5550591E88F430004EEEEF = {
			isa = PBXGroup;
			children = (
				2B3B50271E94B27900FFE8B4 /* Myfashion+CoreDataClass.swift */,
				2B3B50281E94B27900FFE8B4 /* Myfashion+CoreDataProperties.swift */,
				2BC5D4CC1E93666700852777 /* Myitem+CoreDataClass.swift */,
				2BC5D4CD1E93666700852777 /* Myitem+CoreDataProperties.swift */,
				2B625E681EB0D5130059EB38 /* New Group */,
				2B5550641E88F430004EEEEF /* nishisuji */,
				2B5550791E88F430004EEEEF /* nishisujiTests */,
				2B5550841E88F430004EEEEF /* nishisujiUITests */,
				2B5550631E88F430004EEEEF /* Products */,
				2B0A50871EB9AD7E00F2758D /* Frameworks */,
			);
			sourceTree = "<group>";
		};
		2B5550631E88F430004EEEEF /* Products */ = {
			isa = PBXGroup;
			children = (
				2B5550621E88F430004EEEEF /* nishisuji.app */,
				2B5550761E88F430004EEEEF /* nishisujiTests.xctest */,
				2B5550811E88F430004EEEEF /* nishisujiUITests.xctest */,
			);
			name = Products;
			sourceTree = "<group>";
		};
		2B5550641E88F430004EEEEF /* nishisuji */ = {
			isa = PBXGroup;
			children = (
				2B0A509E1EB9B5D900F2758D /* GoogleMobileAds.framework */,
				2B6C6EEA1E8A2773005E85BD /* ViewController.swift */,
				2B4E99321EC09E5A0023894A /* allfashion.swift */,
				2B4E99301EC097B30023894A /* customfashion.swift */,
				2B5550651E88F430004EEEEF /* AppDelegate.swift */,
				2B5550691E88F430004EEEEF /* Main.storyboard */,
				2B55506C1E88F430004EEEEF /* Assets.xcassets */,
				2B55506E1E88F430004EEEEF /* LaunchScreen.storyboard */,
				2B8A86551E892D66006BFF70 /* category.swift */,
				2B6C6EEC1E8A3194005E85BD /* customCell.swift */,
				2BB527DE1E8B7E08003E2451 /* newFashionViewController.swift */,
				2B8093611E8CCC8F006FA676 /* categorydetail.swift */,
				2B12C9DF1E90D9FA00962F0B /* tansu.swift */,
				2B12C9E11E90DDDF00962F0B /* clothes.swift */,
				2B752BA31E9103C9003B1F71 /* tuika.swift */,
				2B3B502B1E94C81200FFE8B4 /* customImage.swift */,
				2BC5D4C91E93634A00852777 /* nishisuji.xcdatamodeld */,
				2B12A36A1E96153100D901A8 /* Info.plist */,
				2B9B08A51EA286A000EDBDB8 /* everyday.swift */,
			);
			path = nishisuji;
			sourceTree = "<group>";
		};
		2B5550791E88F430004EEEEF /* nishisujiTests */ = {
			isa = PBXGroup;
			children = (
				2B55507A1E88F430004EEEEF /* nishisujiTests.swift */,
				2B55507C1E88F430004EEEEF /* Info.plist */,
			);
			path = nishisujiTests;
			sourceTree = "<group>";
		};
		2B5550841E88F430004EEEEF /* nishisujiUITests */ = {
			isa = PBXGroup;
			children = (
				2B5550851E88F430004EEEEF /* nishisujiUITests.swift */,
				2B5550871E88F430004EEEEF /* Info.plist */,
			);
			path = nishisujiUITests;
			sourceTree = "<group>";
		};
		2B625E681EB0D5130059EB38 /* New Group */ = {
			isa = PBXGroup;
			children = (
				2B0382A91EB359E300EEC420 /* IMG_1776.PNG */,
				2B0382AA1EB359E300EEC420 /* IMG_1777.PNG */,
				2B0382AB1EB359E300EEC420 /* IMG_1778.PNG */,
				2B0382AC1EB359E300EEC420 /* IMG_1779.PNG */,
				2B0A507F1EB8D7E800F2758D /* backback.png */,
				2B0382AD1EB359E300EEC420 /* IMG_1780.PNG */,
				2B0382B91EB35B4400EEC420 /* IMG_1781.PNG */,
				2B0382B71EB35A6900EEC420 /* IMG_1782.PNG */,
				2B0A507D1EB8D74700F2758D /* up1.png */,
				2BB1B39A1EB327BF00E71E5D /* qqq.png */,
				2BB1B39B1EB327BF00E71E5D /* rrr.png */,
				2BB1B3A21EB327D900E71E5D /* www.png */,
				2B0A507B1EB86B4A00F2758D /* up.png */,
				2B0A50811EB8DE6C00F2758D /* up3.png */,
				2B625E691EB0E9B50059EB38 /* 11.png */,
				2B0A50791EB8693D00F2758D /* back1.png */,
				2BB1B3A61EB327E500E71E5D /* eee.png */,
				2B625E6A1EB0E9B50059EB38 /* 12.png */,
				2B625E6B1EB0E9B50059EB38 /* 13.png */,
				2B625E6C1EB0E9B50059EB38 /* 14.png */,
				2B625E6D1EB0E9B50059EB38 /* 15.png */,
				2B625E6E1EB0E9B50059EB38 /* 16.png */,
				2B625E6F1EB0E9B50059EB38 /* 17.png */,
				2B640DC31EABDD4200039039 /* 01.png */,
				2BABD6C91EAFAAC0007828E1 /* 002.png */,
				2B640DC51EABDD4B00039039 /* 03.png */,
				2BABD6CA1EAFAAC0007828E1 /* 003.png */,
				2B77F2671EAC847F0041FB44 /* 04.jpg */,
				2BABD6CB1EAFAAC0007828E1 /* 004.png */,
				2BABD6CC1EAFAAC0007828E1 /* 005.png */,
				2BABD6CD1EAFAAC0007828E1 /* 006.png */,
				2BABD6CE1EAFAAC0007828E1 /* 007.png */,
				2BA615371EB05F28009CBDB1 /* d.png */,
				2BA615391EB05F36009CBDB1 /* l.png */,
				2BA6153B1EB05F3F009CBDB1 /* m.png */,
				2B4468E11EADCB5A00482CD4 /* myfashionselect.png */,
				2B4468E31EADCB6400482CD4 /* myitemselect.png */,
				2BA6153F1EB0652C009CBDB1 /* ww.png */,
				2B5550931E8919C0004EEEEF /* yesterday.jpg */,
				2B45A1981EB1AFF400050EB9 /* b.png */,
				2B45A1991EB1AFF400050EB9 /* c.png */,
				2B45A19A1EB1AFF400050EB9 /* e.png */,
				2B45A19B1EB1AFF400050EB9 /* f.png */,
				2B45A19C1EB1AFF400050EB9 /* g.png */,
				2B45A19D1EB1AFF400050EB9 /* h.png */,
				2B45A19E1EB1AFF400050EB9 /* i.png */,
				2B45A19F1EB1AFF400050EB9 /* j.png */,
				2B45A1A01EB1AFF400050EB9 /* k.png */,
				2B45A1A11EB1AFF400050EB9 /* n.png */,
				2B45A1A21EB1AFF400050EB9 /* o.png */,
				2B45A1A31EB1AFF400050EB9 /* p.png */,
				2B45A1A41EB1AFF400050EB9 /* qq.png */,
			);
			name = "New Group";
			sourceTree = "<group>";
		};
/* End PBXGroup section */

/* Begin PBXNativeTarget section */
		2B5550611E88F430004EEEEF /* nishisuji */ = {
			isa = PBXNativeTarget;
			buildConfigurationList = 2B55508A1E88F430004EEEEF /* Build configuration list for PBXNativeTarget "nishisuji" */;
			buildPhases = (
				2B55505E1E88F430004EEEEF /* Sources */,
				2B55505F1E88F430004EEEEF /* Frameworks */,
				2B5550601E88F430004EEEEF /* Resources */,
			);
			buildRules = (
			);
			dependencies = (
			);
			name = nishisuji;
			productName = nishisuji;
			productReference = 2B5550621E88F430004EEEEF /* nishisuji.app */;
			productType = "com.apple.product-type.application";
		};
		2B5550751E88F430004EEEEF /* nishisujiTests */ = {
			isa = PBXNativeTarget;
			buildConfigurationList = 2B55508D1E88F430004EEEEF /* Build configuration list for PBXNativeTarget "nishisujiTests" */;
			buildPhases = (
				2B5550721E88F430004EEEEF /* Sources */,
				2B5550731E88F430004EEEEF /* Frameworks */,
				2B5550741E88F430004EEEEF /* Resources */,
			);
			buildRules = (
			);
			dependencies = (
				2B5550781E88F430004EEEEF /* PBXTargetDependency */,
			);
			name = nishisujiTests;
			productName = nishisujiTests;
			productReference = 2B5550761E88F430004EEEEF /* nishisujiTests.xctest */;
			productType = "com.apple.product-type.bundle.unit-test";
		};
		2B5550801E88F430004EEEEF /* nishisujiUITests */ = {
			isa = PBXNativeTarget;
			buildConfigurationList = 2B5550901E88F430004EEEEF /* Build configuration list for PBXNativeTarget "nishisujiUITests" */;
			buildPhases = (
				2B55507D1E88F430004EEEEF /* Sources */,
				2B55507E1E88F430004EEEEF /* Frameworks */,
				2B55507F1E88F430004EEEEF /* Resources */,
			);
			buildRules = (
			);
			dependencies = (
				2B5550831E88F430004EEEEF /* PBXTargetDependency */,
			);
			name = nishisujiUITests;
			productName = nishisujiUITests;
			productReference = 2B5550811E88F430004EEEEF /* nishisujiUITests.xctest */;
			productType = "com.apple.product-type.bundle.ui-testing";
		};
/* End PBXNativeTarget section */

/* Begin PBXProject section */
		2B55505A1E88F430004EEEEF /* Project object */ = {
			isa = PBXProject;
			attributes = {
				LastSwiftUpdateCheck = 0820;
				LastUpgradeCheck = 0820;
				ORGANIZATIONNAME = "Hiroto Nishisuji";
				TargetAttributes = {
					2B5550611E88F430004EEEEF = {
						CreatedOnToolsVersion = 8.2.1;
						DevelopmentTeam = 5339BL2S95;
						ProvisioningStyle = Automatic;
					};
					2B5550751E88F430004EEEEF = {
						CreatedOnToolsVersion = 8.2.1;
						ProvisioningStyle = Automatic;
						TestTargetID = 2B5550611E88F430004EEEEF;
					};
					2B5550801E88F430004EEEEF = {
						CreatedOnToolsVersion = 8.2.1;
						ProvisioningStyle = Automatic;
						TestTargetID = 2B5550611E88F430004EEEEF;
					};
				};
			};
			buildConfigurationList = 2B55505D1E88F430004EEEEF /* Build configuration list for PBXProject "nishisuji" */;
			compatibilityVersion = "Xcode 3.2";
			developmentRegion = English;
			hasScannedForEncodings = 0;
			knownRegions = (
				en,
				Base,
			);
			mainGroup = 2B5550591E88F430004EEEEF;
			productRefGroup = 2B5550631E88F430004EEEEF /* Products */;
			projectDirPath = "";
			projectRoot = "";
			targets = (
				2B5550611E88F430004EEEEF /* nishisuji */,
				2B5550751E88F430004EEEEF /* nishisujiTests */,
				2B5550801E88F430004EEEEF /* nishisujiUITests */,
			);
		};
/* End PBXProject section */

/* Begin PBXResourcesBuildPhase section */
		2B5550601E88F430004EEEEF /* Resources */ = {
			isa = PBXResourcesBuildPhase;
			buildActionMask = 2147483647;
			files = (
				2BB1B3A71EB327E500E71E5D /* eee.png in Resources */,
				2B625E751EB0E9B50059EB38 /* 16.png in Resources */,
				2B625E741EB0E9B50059EB38 /* 15.png in Resources */,
				2BB1B3A41EB327D900E71E5D /* www.png in Resources */,
				2B45A1AC1EB1AFF400050EB9 /* j.png in Resources */,
				2B625E731EB0E9B50059EB38 /* 14.png in Resources */,
				2B45A1A81EB1AFF400050EB9 /* f.png in Resources */,
				2B45A1AF1EB1AFF400050EB9 /* o.png in Resources */,
				2BABD6D31EAFAAC0007828E1 /* 006.png in Resources */,
				2B45A1A91EB1AFF400050EB9 /* g.png in Resources */,
				2B45A1A51EB1AFF400050EB9 /* b.png in Resources */,
				2BA6153A1EB05F36009CBDB1 /* l.png in Resources */,
				2B625E701EB0E9B50059EB38 /* 11.png in Resources */,
				2BA6153C1EB05F3F009CBDB1 /* m.png in Resources */,
				2B0A507A1EB8693D00F2758D /* back1.png in Resources */,
				2B45A1B01EB1AFF400050EB9 /* p.png in Resources */,
				2BABD6D21EAFAAC0007828E1 /* 005.png in Resources */,
				2B45A1AA1EB1AFF400050EB9 /* h.png in Resources */,
				2B625E711EB0E9B50059EB38 /* 12.png in Resources */,
				2BABD6D11EAFAAC0007828E1 /* 004.png in Resources */,
				2B0382B31EB359E300EEC420 /* IMG_1779.PNG in Resources */,
				2B625E721EB0E9B50059EB38 /* 13.png in Resources */,
				2BB1B39E1EB327BF00E71E5D /* qqq.png in Resources */,
				2BABD6D01EAFAAC0007828E1 /* 003.png in Resources */,
				2BA615381EB05F28009CBDB1 /* d.png in Resources */,
				2BABD6CF1EAFAAC0007828E1 /* 002.png in Resources */,
				2B640DC61EABDD4B00039039 /* 03.png in Resources */,
				2BABD6D41EAFAAC0007828E1 /* 007.png in Resources */,
				2B0A507C1EB86B4A00F2758D /* up.png in Resources */,
				2B77F2681EAC847F0041FB44 /* 04.jpg in Resources */,
				2B45A1AB1EB1AFF400050EB9 /* i.png in Resources */,
				2B0A50801EB8D7E800F2758D /* backback.png in Resources */,
				2B0382B01EB359E300EEC420 /* IMG_1776.PNG in Resources */,
				2B625E761EB0E9B50059EB38 /* 17.png in Resources */,
				2B4468E41EADCB6400482CD4 /* myitemselect.png in Resources */,
				2B640DC41EABDD4200039039 /* 01.png in Resources */,
				2B45A1A71EB1AFF400050EB9 /* e.png in Resources */,
				2BB1B39F1EB327BF00E71E5D /* rrr.png in Resources */,
				2BA615401EB0652C009CBDB1 /* ww.png in Resources */,
				2B45A1B11EB1AFF400050EB9 /* qq.png in Resources */,
				2B0382B41EB359E300EEC420 /* IMG_1780.PNG in Resources */,
				2B45A1A61EB1AFF400050EB9 /* c.png in Resources */,
				2B0A50821EB8DE6C00F2758D /* up3.png in Resources */,
				2B0382B11EB359E300EEC420 /* IMG_1777.PNG in Resources */,
				2B0A507E1EB8D74700F2758D /* up1.png in Resources */,
				2B5550701E88F430004EEEEF /* LaunchScreen.storyboard in Resources */,
				2B45A1AD1EB1AFF400050EB9 /* k.png in Resources */,
				2B0382B81EB35A6900EEC420 /* IMG_1782.PNG in Resources */,
				2B0382BA1EB35B4400EEC420 /* IMG_1781.PNG in Resources */,
				2B4468E21EADCB5A00482CD4 /* myfashionselect.png in Resources */,
				2B45A1AE1EB1AFF400050EB9 /* n.png in Resources */,
				2B55506D1E88F430004EEEEF /* Assets.xcassets in Resources */,
				2B5550941E8919C0004EEEEF /* yesterday.jpg in Resources */,
				2B12A36B1E96153100D901A8 /* Info.plist in Resources */,
				2B0382B21EB359E300EEC420 /* IMG_1778.PNG in Resources */,
				2B55506B1E88F430004EEEEF /* Main.storyboard in Resources */,
			);
			runOnlyForDeploymentPostprocessing = 0;
		};
		2B5550741E88F430004EEEEF /* Resources */ = {
			isa = PBXResourcesBuildPhase;
			buildActionMask = 2147483647;
			files = (
			);
			runOnlyForDeploymentPostprocessing = 0;
		};
		2B55507F1E88F430004EEEEF /* Resources */ = {
			isa = PBXResourcesBuildPhase;
			buildActionMask = 2147483647;
			files = (
			);
			runOnlyForDeploymentPostprocessing = 0;
		};
/* End PBXResourcesBuildPhase section */

/* Begin PBXSourcesBuildPhase section */
		2B55505E1E88F430004EEEEF /* Sources */ = {
			isa = PBXSourcesBuildPhase;
			buildActionMask = 2147483647;
			files = (
				2B4E99331EC09E5A0023894A /* allfashion.swift in Sources */,
				2B6C6EEB1E8A2773005E85BD /* ViewController.swift in Sources */,
				2B12C9E01E90D9FA00962F0B /* tansu.swift in Sources */,
				2B9B08A61EA286A000EDBDB8 /* everyday.swift in Sources */,
				2BC5D4D11E93666700852777 /* Myitem+CoreDataProperties.swift in Sources */,
				2B12C9E21E90DDDF00962F0B /* clothes.swift in Sources */,
				2B752BA41E9103C9003B1F71 /* tuika.swift in Sources */,
				2BC5D4CB1E93634A00852777 /* nishisuji.xcdatamodeld in Sources */,
				2B3B502C1E94C81200FFE8B4 /* customImage.swift in Sources */,
				2B4E99311EC097B30023894A /* customfashion.swift in Sources */,
				2B3B50291E94B27900FFE8B4 /* Myfashion+CoreDataClass.swift in Sources */,
				2B5550661E88F430004EEEEF /* AppDelegate.swift in Sources */,
				2B8093621E8CCC8F006FA676 /* categorydetail.swift in Sources */,
				2B6C6EED1E8A3194005E85BD /* customCell.swift in Sources */,
				2BC5D4D01E93666700852777 /* Myitem+CoreDataClass.swift in Sources */,
				2BB527DF1E8B7E08003E2451 /* newFashionViewController.swift in Sources */,
				2B3B502A1E94B27900FFE8B4 /* Myfashion+CoreDataProperties.swift in Sources */,
				2B8A86561E892D66006BFF70 /* category.swift in Sources */,
			);
			runOnlyForDeploymentPostprocessing = 0;
		};
		2B5550721E88F430004EEEEF /* Sources */ = {
			isa = PBXSourcesBuildPhase;
			buildActionMask = 2147483647;
			files = (
				2B55507B1E88F430004EEEEF /* nishisujiTests.swift in Sources */,
			);
			runOnlyForDeploymentPostprocessing = 0;
		};
		2B55507D1E88F430004EEEEF /* Sources */ = {
			isa = PBXSourcesBuildPhase;
			buildActionMask = 2147483647;
			files = (
				2B5550861E88F430004EEEEF /* nishisujiUITests.swift in Sources */,
			);
			runOnlyForDeploymentPostprocessing = 0;
		};
/* End PBXSourcesBuildPhase section */

/* Begin PBXTargetDependency section */
		2B5550781E88F430004EEEEF /* PBXTargetDependency */ = {
			isa = PBXTargetDependency;
			target = 2B5550611E88F430004EEEEF /* nishisuji */;
			targetProxy = 2B5550771E88F430004EEEEF /* PBXContainerItemProxy */;
		};
		2B5550831E88F430004EEEEF /* PBXTargetDependency */ = {
			isa = PBXTargetDependency;
			target = 2B5550611E88F430004EEEEF /* nishisuji */;
			targetProxy = 2B5550821E88F430004EEEEF /* PBXContainerItemProxy */;
		};
/* End PBXTargetDependency section */

/* Begin PBXVariantGroup section */
		2B5550691E88F430004EEEEF /* Main.storyboard */ = {
			isa = PBXVariantGroup;
			children = (
				2B55506A1E88F430004EEEEF /* Base */,
			);
			name = Main.storyboard;
			sourceTree = "<group>";
		};
		2B55506E1E88F430004EEEEF /* LaunchScreen.storyboard */ = {
			isa = PBXVariantGroup;
			children = (
				2B55506F1E88F430004EEEEF /* Base */,
			);
			name = LaunchScreen.storyboard;
			sourceTree = "<group>";
		};
/* End PBXVariantGroup section */

/* Begin XCBuildConfiguration section */
		2B5550881E88F430004EEEEF /* Debug */ = {
			isa = XCBuildConfiguration;
			buildSettings = {
				ALWAYS_SEARCH_USER_PATHS = NO;
				CLANG_ANALYZER_NONNULL = YES;
				CLANG_CXX_LANGUAGE_STANDARD = "gnu++0x";
				CLANG_CXX_LIBRARY = "libc++";
				CLANG_ENABLE_MODULES = YES;
				CLANG_ENABLE_OBJC_ARC = YES;
				CLANG_WARN_BOOL_CONVERSION = YES;
				CLANG_WARN_CONSTANT_CONVERSION = YES;
				CLANG_WARN_DIRECT_OBJC_ISA_USAGE = YES_ERROR;
				CLANG_WARN_DOCUMENTATION_COMMENTS = YES;
				CLANG_WARN_EMPTY_BODY = YES;
				CLANG_WARN_ENUM_CONVERSION = YES;
				CLANG_WARN_INFINITE_RECURSION = YES;
				CLANG_WARN_INT_CONVERSION = YES;
				CLANG_WARN_OBJC_ROOT_CLASS = YES_ERROR;
				CLANG_WARN_SUSPICIOUS_MOVE = YES;
				CLANG_WARN_UNREACHABLE_CODE = YES;
				CLANG_WARN__DUPLICATE_METHOD_MATCH = YES;
				"CODE_SIGN_IDENTITY[sdk=iphoneos*]" = "iPhone Developer";
				COPY_PHASE_STRIP = NO;
				DEBUG_INFORMATION_FORMAT = dwarf;
				ENABLE_STRICT_OBJC_MSGSEND = YES;
				ENABLE_TESTABILITY = YES;
				GCC_C_LANGUAGE_STANDARD = gnu99;
				GCC_DYNAMIC_NO_PIC = NO;
				GCC_NO_COMMON_BLOCKS = YES;
				GCC_OPTIMIZATION_LEVEL = 0;
				GCC_PREPROCESSOR_DEFINITIONS = (
					"DEBUG=1",
					"$(inherited)",
				);
				GCC_WARN_64_TO_32_BIT_CONVERSION = YES;
				GCC_WARN_ABOUT_RETURN_TYPE = YES_ERROR;
				GCC_WARN_UNDECLARED_SELECTOR = YES;
				GCC_WARN_UNINITIALIZED_AUTOS = YES_AGGRESSIVE;
				GCC_WARN_UNUSED_FUNCTION = YES;
				GCC_WARN_UNUSED_VARIABLE = YES;
				IPHONEOS_DEPLOYMENT_TARGET = 10.2;
				MTL_ENABLE_DEBUG_INFO = YES;
				ONLY_ACTIVE_ARCH = YES;
				SDKROOT = iphoneos;
				SWIFT_ACTIVE_COMPILATION_CONDITIONS = DEBUG;
				SWIFT_OPTIMIZATION_LEVEL = "-Onone";
				TARGETED_DEVICE_FAMILY = "1,2";
			};
			name = Debug;
		};
		2B5550891E88F430004EEEEF /* Release */ = {
			isa = XCBuildConfiguration;
			buildSettings = {
				ALWAYS_SEARCH_USER_PATHS = NO;
				CLANG_ANALYZER_NONNULL = YES;
				CLANG_CXX_LANGUAGE_STANDARD = "gnu++0x";
				CLANG_CXX_LIBRARY = "libc++";
				CLANG_ENABLE_MODULES = YES;
				CLANG_ENABLE_OBJC_ARC = YES;
				CLANG_WARN_BOOL_CONVERSION = YES;
				CLANG_WARN_CONSTANT_CONVERSION = YES;
				CLANG_WARN_DIRECT_OBJC_ISA_USAGE = YES_ERROR;
				CLANG_WARN_DOCUMENTATION_COMMENTS = YES;
				CLANG_WARN_EMPTY_BODY = YES;
				CLANG_WARN_ENUM_CONVERSION = YES;
				CLANG_WARN_INFINITE_RECURSION = YES;
				CLANG_WARN_INT_CONVERSION = YES;
				CLANG_WARN_OBJC_ROOT_CLASS = YES_ERROR;
				CLANG_WARN_SUSPICIOUS_MOVE = YES;
				CLANG_WARN_UNREACHABLE_CODE = YES;
				CLANG_WARN__DUPLICATE_METHOD_MATCH = YES;
				"CODE_SIGN_IDENTITY[sdk=iphoneos*]" = "iPhone Developer";
				COPY_PHASE_STRIP = NO;
				DEBUG_INFORMATION_FORMAT = "dwarf-with-dsym";
				ENABLE_NS_ASSERTIONS = NO;
				ENABLE_STRICT_OBJC_MSGSEND = YES;
				GCC_C_LANGUAGE_STANDARD = gnu99;
				GCC_NO_COMMON_BLOCKS = YES;
				GCC_WARN_64_TO_32_BIT_CONVERSION = YES;
				GCC_WARN_ABOUT_RETURN_TYPE = YES_ERROR;
				GCC_WARN_UNDECLARED_SELECTOR = YES;
				GCC_WARN_UNINITIALIZED_AUTOS = YES_AGGRESSIVE;
				GCC_WARN_UNUSED_FUNCTION = YES;
				GCC_WARN_UNUSED_VARIABLE = YES;
				IPHONEOS_DEPLOYMENT_TARGET = 10.2;
				MTL_ENABLE_DEBUG_INFO = NO;
				SDKROOT = iphoneos;
				SWIFT_OPTIMIZATION_LEVEL = "-Owholemodule";
				TARGETED_DEVICE_FAMILY = "1,2";
				VALIDATE_PRODUCT = YES;
			};
			name = Release;
		};
		2B55508B1E88F430004EEEEF /* Debug */ = {
			isa = XCBuildConfiguration;
			buildSettings = {
				ASSETCATALOG_COMPILER_APPICON_NAME = AppIcon;
				DEVELOPMENT_TEAM = 5339BL2S95;
				FRAMEWORK_SEARCH_PATHS = (
					"$(inherited)",
					"$(PROJECT_DIR)/nishisuji",
				);
				INFOPLIST_FILE = nishisuji/Info.plist;
				LD_RUNPATH_SEARCH_PATHS = "$(inherited) @executable_path/Frameworks";
				PRODUCT_BUNDLE_IDENTIFIER = com.nishisuji.nishinishi;
				PRODUCT_NAME = "$(TARGET_NAME)";
				SWIFT_VERSION = 3.0;
			};
			name = Debug;
		};
		2B55508C1E88F430004EEEEF /* Release */ = {
			isa = XCBuildConfiguration;
			buildSettings = {
				ASSETCATALOG_COMPILER_APPICON_NAME = AppIcon;
				DEVELOPMENT_TEAM = 5339BL2S95;
				FRAMEWORK_SEARCH_PATHS = (
					"$(inherited)",
					"$(PROJECT_DIR)/nishisuji",
				);
				INFOPLIST_FILE = nishisuji/Info.plist;
				LD_RUNPATH_SEARCH_PATHS = "$(inherited) @executable_path/Frameworks";
				PRODUCT_BUNDLE_IDENTIFIER = com.nishisuji.nishinishi;
				PRODUCT_NAME = "$(TARGET_NAME)";
				SWIFT_VERSION = 3.0;
			};
			name = Release;
		};
		2B55508E1E88F430004EEEEF /* Debug */ = {
			isa = XCBuildConfiguration;
			buildSettings = {
				ALWAYS_EMBED_SWIFT_STANDARD_LIBRARIES = YES;
				BUNDLE_LOADER = "$(TEST_HOST)";
				INFOPLIST_FILE = nishisujiTests/Info.plist;
				LD_RUNPATH_SEARCH_PATHS = "$(inherited) @executable_path/Frameworks @loader_path/Frameworks";
				PRODUCT_BUNDLE_IDENTIFIER = com.nishisuji.nishisujiTests;
				PRODUCT_NAME = "$(TARGET_NAME)";
				SWIFT_VERSION = 3.0;
				TEST_HOST = "$(BUILT_PRODUCTS_DIR)/nishisuji.app/nishisuji";
			};
			name = Debug;
		};
		2B55508F1E88F430004EEEEF /* Release */ = {
			isa = XCBuildConfiguration;
			buildSettings = {
				ALWAYS_EMBED_SWIFT_STANDARD_LIBRARIES = YES;
				BUNDLE_LOADER = "$(TEST_HOST)";
				INFOPLIST_FILE = nishisujiTests/Info.plist;
				LD_RUNPATH_SEARCH_PATHS = "$(inherited) @executable_path/Frameworks @loader_path/Frameworks";
				PRODUCT_BUNDLE_IDENTIFIER = com.nishisuji.nishisujiTests;
				PRODUCT_NAME = "$(TARGET_NAME)";
				SWIFT_VERSION = 3.0;
				TEST_HOST = "$(BUILT_PRODUCTS_DIR)/nishisuji.app/nishisuji";
			};
			name = Release;
		};
		2B5550911E88F430004EEEEF /* Debug */ = {
			isa = XCBuildConfiguration;
			buildSettings = {
				ALWAYS_EMBED_SWIFT_STANDARD_LIBRARIES = YES;
				INFOPLIST_FILE = nishisujiUITests/Info.plist;
				LD_RUNPATH_SEARCH_PATHS = "$(inherited) @executable_path/Frameworks @loader_path/Frameworks";
				PRODUCT_BUNDLE_IDENTIFIER = com.nishisuji.nishisujiUITests;
				PRODUCT_NAME = "$(TARGET_NAME)";
				SWIFT_VERSION = 3.0;
				TEST_TARGET_NAME = nishisuji;
			};
			name = Debug;
		};
		2B5550921E88F430004EEEEF /* Release */ = {
			isa = XCBuildConfiguration;
			buildSettings = {
				ALWAYS_EMBED_SWIFT_STANDARD_LIBRARIES = YES;
				INFOPLIST_FILE = nishisujiUITests/Info.plist;
				LD_RUNPATH_SEARCH_PATHS = "$(inherited) @executable_path/Frameworks @loader_path/Frameworks";
				PRODUCT_BUNDLE_IDENTIFIER = com.nishisuji.nishisujiUITests;
				PRODUCT_NAME = "$(TARGET_NAME)";
				SWIFT_VERSION = 3.0;
				TEST_TARGET_NAME = nishisuji;
			};
			name = Release;
		};
/* End XCBuildConfiguration section */

/* Begin XCConfigurationList section */
		2B55505D1E88F430004EEEEF /* Build configuration list for PBXProject "nishisuji" */ = {
			isa = XCConfigurationList;
			buildConfigurations = (
				2B5550881E88F430004EEEEF /* Debug */,
				2B5550891E88F430004EEEEF /* Release */,
			);
			defaultConfigurationIsVisible = 0;
			defaultConfigurationName = Release;
		};
		2B55508A1E88F430004EEEEF /* Build configuration list for PBXNativeTarget "nishisuji" */ = {
			isa = XCConfigurationList;
			buildConfigurations = (
				2B55508B1E88F430004EEEEF /* Debug */,
				2B55508C1E88F430004EEEEF /* Release */,
			);
			defaultConfigurationIsVisible = 0;
			defaultConfigurationName = Release;
		};
		2B55508D1E88F430004EEEEF /* Build configuration list for PBXNativeTarget "nishisujiTests" */ = {
			isa = XCConfigurationList;
			buildConfigurations = (
				2B55508E1E88F430004EEEEF /* Debug */,
				2B55508F1E88F430004EEEEF /* Release */,
			);
			defaultConfigurationIsVisible = 0;
			defaultConfigurationName = Release;
		};
		2B5550901E88F430004EEEEF /* Build configuration list for PBXNativeTarget "nishisujiUITests" */ = {
			isa = XCConfigurationList;
			buildConfigurations = (
				2B5550911E88F430004EEEEF /* Debug */,
				2B5550921E88F430004EEEEF /* Release */,
			);
			defaultConfigurationIsVisible = 0;
			defaultConfigurationName = Release;
		};
/* End XCConfigurationList section */

/* Begin XCVersionGroup section */
		2BC5D4C91E93634A00852777 /* nishisuji.xcdatamodeld */ = {
			isa = XCVersionGroup;
			children = (
				2BC5D4CA1E93634A00852777 /* nishisuji.xcdatamodel */,
			);
			currentVersion = 2BC5D4CA1E93634A00852777 /* nishisuji.xcdatamodel */;
			path = nishisuji.xcdatamodeld;
			sourceTree = "<group>";
			versionGroupType = wrapper.xcdatamodel;
		};
/* End XCVersionGroup section */
	};
	rootObject = 2B55505A1E88F430004EEEEF /* Project object */;
}
