// !$*UTF8*$!
{
	archiveVersion = 1;
	classes = {
	};
	objectVersion = 46;
	objects = {

/* Begin PBXBuildFile section */
		2B12A36B1E96153100D901A8 /* Info.plist in Resources */ = {isa = PBXBuildFile; fileRef = 2B12A36A1E96153100D901A8 /* Info.plist */; };
		2B12C9E01E90D9FA00962F0B /* tansu.swift in Sources */ = {isa = PBXBuildFile; fileRef = 2B12C9DF1E90D9FA00962F0B /* tansu.swift */; };
		2B12C9E21E90DDDF00962F0B /* clothes.swift in Sources */ = {isa = PBXBuildFile; fileRef = 2B12C9E11E90DDDF00962F0B /* clothes.swift */; };
		2B3B50291E94B27900FFE8B4 /* Myfashion+CoreDataClass.swift in Sources */ = {isa = PBXBuildFile; fileRef = 2B3B50271E94B27900FFE8B4 /* Myfashion+CoreDataClass.swift */; };
		2B3B502A1E94B27900FFE8B4 /* Myfashion+CoreDataProperties.swift in Sources */ = {isa = PBXBuildFile; fileRef = 2B3B50281E94B27900FFE8B4 /* Myfashion+CoreDataProperties.swift */; };
		2B3B502C1E94C81200FFE8B4 /* customImage.swift in Sources */ = {isa = PBXBuildFile; fileRef = 2B3B502B1E94C81200FFE8B4 /* customImage.swift */; };
		2B4468E21EADCB5A00482CD4 /* myfashionselect.png in Resources */ = {isa = PBXBuildFile; fileRef = 2B4468E11EADCB5A00482CD4 /* myfashionselect.png */; };
		2B4468E41EADCB6400482CD4 /* myitemselect.png in Resources */ = {isa = PBXBuildFile; fileRef = 2B4468E31EADCB6400482CD4 /* myitemselect.png */; };
		2B5550661E88F430004EEEEF /* AppDelegate.swift in Sources */ = {isa = PBXBuildFile; fileRef = 2B5550651E88F430004EEEEF /* AppDelegate.swift */; };
		2B55506B1E88F430004EEEEF /* Main.storyboard in Resources */ = {isa = PBXBuildFile; fileRef = 2B5550691E88F430004EEEEF /* Main.storyboard */; };
		2B55506D1E88F430004EEEEF /* Assets.xcassets in Resources */ = {isa = PBXBuildFile; fileRef = 2B55506C1E88F430004EEEEF /* Assets.xcassets */; };
		2B5550701E88F430004EEEEF /* LaunchScreen.storyboard in Resources */ = {isa = PBXBuildFile; fileRef = 2B55506E1E88F430004EEEEF /* LaunchScreen.storyboard */; };
		2B55507B1E88F430004EEEEF /* nishisujiTests.swift in Sources */ = {isa = PBXBuildFile; fileRef = 2B55507A1E88F430004EEEEF /* nishisujiTests.swift */; };
		2B5550861E88F430004EEEEF /* nishisujiUITests.swift in Sources */ = {isa = PBXBuildFile; fileRef = 2B5550851E88F430004EEEEF /* nishisujiUITests.swift */; };
		2B5550941E8919C0004EEEEF /* yesterday.jpg in Resources */ = {isa = PBXBuildFile; fileRef = 2B5550931E8919C0004EEEEF /* yesterday.jpg */; };
		2B640DC41EABDD4200039039 /* 01.png in Resources */ = {isa = PBXBuildFile; fileRef = 2B640DC31EABDD4200039039 /* 01.png */; };
		2B640DC61EABDD4B00039039 /* 03.png in Resources */ = {isa = PBXBuildFile; fileRef = 2B640DC51EABDD4B00039039 /* 03.png */; };
		2B6C6EEB1E8A2773005E85BD /* ViewController.swift in Sources */ = {isa = PBXBuildFile; fileRef = 2B6C6EEA1E8A2773005E85BD /* ViewController.swift */; };
		2B6C6EED1E8A3194005E85BD /* customCell.swift in Sources */ = {isa = PBXBuildFile; fileRef = 2B6C6EEC1E8A3194005E85BD /* customCell.swift */; };
		2B752BA41E9103C9003B1F71 /* tuika.swift in Sources */ = {isa = PBXBuildFile; fileRef = 2B752BA31E9103C9003B1F71 /* tuika.swift */; };
		2B77F2681EAC847F0041FB44 /* 04.jpg in Resources */ = {isa = PBXBuildFile; fileRef = 2B77F2671EAC847F0041FB44 /* 04.jpg */; };
		2B8093621E8CCC8F006FA676 /* categorydetail.swift in Sources */ = {isa = PBXBuildFile; fileRef = 2B8093611E8CCC8F006FA676 /* categorydetail.swift */; };
		2B8A86561E892D66006BFF70 /* category.swift in Sources */ = {isa = PBXBuildFile; fileRef = 2B8A86551E892D66006BFF70 /* category.swift */; };
		2B9B08A61EA286A000EDBDB8 /* everyday.swift in Sources */ = {isa = PBXBuildFile; fileRef = 2B9B08A51EA286A000EDBDB8 /* everyday.swift */; };
		2BB527DF1E8B7E08003E2451 /* newFashionViewController.swift in Sources */ = {isa = PBXBuildFile; fileRef = 2BB527DE1E8B7E08003E2451 /* newFashionViewController.swift */; };
		2BC5D4CB1E93634A00852777 /* nishisuji.xcdatamodeld in Sources */ = {isa = PBXBuildFile; fileRef = 2BC5D4C91E93634A00852777 /* nishisuji.xcdatamodeld */; };
		2BC5D4D01E93666700852777 /* Myitem+CoreDataClass.swift in Sources */ = {isa = PBXBuildFile; fileRef = 2BC5D4CC1E93666700852777 /* Myitem+CoreDataClass.swift */; };
		2BC5D4D11E93666700852777 /* Myitem+CoreDataProperties.swift in Sources */ = {isa = PBXBuildFile; fileRef = 2BC5D4CD1E93666700852777 /* Myitem+CoreDataProperties.swift */; };
/* End PBXBuildFile section */

/* Begin PBXContainerItemProxy section */
		2B5550771E88F430004EEEEF /* PBXContainerItemProxy */ = {
			isa = PBXContainerItemProxy;
			containerPortal = 2B55505A1E88F430004EEEEF /* Project object */;
			proxyType = 1;
			remoteGlobalIDString = 2B5550611E88F430004EEEEF;
			remoteInfo = nishisuji;
		};
		2B5550821E88F430004EEEEF /* PBXContainerItemProxy */ = {
			isa = PBXContainerItemProxy;
			containerPortal = 2B55505A1E88F430004EEEEF /* Project object */;
			proxyType = 1;
			remoteGlobalIDString = 2B5550611E88F430004EEEEF;
			remoteInfo = nishisuji;
		};
/* End PBXContainerItemProxy section */

/* Begin PBXFileReference section */
		2B12A36A1E96153100D901A8 /* Info.plist */ = {isa = PBXFileReference; fileEncoding = 4; lastKnownFileType = text.plist.xml; path = Info.plist; sourceTree = "<group>"; };
		2B12C9DF1E90D9FA00962F0B /* tansu.swift */ = {isa = PBXFileReference; fileEncoding = 4; lastKnownFileType = sourcecode.swift; path = tansu.swift; sourceTree = "<group>"; };
		2B12C9E11E90DDDF00962F0B /* clothes.swift */ = {isa = PBXFileReference; fileEncoding = 4; lastKnownFileType = sourcecode.swift; path = clothes.swift; sourceTree = "<group>"; };
		2B3B50271E94B27900FFE8B4 /* Myfashion+CoreDataClass.swift */ = {isa = PBXFileReference; fileEncoding = 4; lastKnownFileType = sourcecode.swift; path = "Myfashion+CoreDataClass.swift"; sourceTree = "<group>"; };
		2B3B50281E94B27900FFE8B4 /* Myfashion+CoreDataProperties.swift */ = {isa = PBXFileReference; fileEncoding = 4; lastKnownFileType = sourcecode.swift; path = "Myfashion+CoreDataProperties.swift"; sourceTree = "<group>"; };
		2B3B502B1E94C81200FFE8B4 /* customImage.swift */ = {isa = PBXFileReference; fileEncoding = 4; lastKnownFileType = sourcecode.swift; path = customImage.swift; sourceTree = "<group>"; };
		2B4468E11EADCB5A00482CD4 /* myfashionselect.png */ = {isa = PBXFileReference; lastKnownFileType = image.png; name = myfashionselect.png; path = "../../写真/myfashionselect.png"; sourceTree = "<group>"; };
		2B4468E31EADCB6400482CD4 /* myitemselect.png */ = {isa = PBXFileReference; lastKnownFileType = image.png; name = myitemselect.png; path = "../../写真/myitemselect.png"; sourceTree = "<group>"; };
		2B5550621E88F430004EEEEF /* nishisuji.app */ = {isa = PBXFileReference; explicitFileType = wrapper.application; includeInIndex = 0; path = nishisuji.app; sourceTree = BUILT_PRODUCTS_DIR; };
		2B5550651E88F430004EEEEF /* AppDelegate.swift */ = {isa = PBXFileReference; lastKnownFileType = sourcecode.swift; path = AppDelegate.swift; sourceTree = "<group>"; };
		2B55506A1E88F430004EEEEF /* Base */ = {isa = PBXFileReference; lastKnownFileType = file.storyboard; name = Base; path = Base.lproj/Main.storyboard; sourceTree = "<group>"; };
		2B55506C1E88F430004EEEEF /* Assets.xcassets */ = {isa = PBXFileReference; lastKnownFileType = folder.assetcatalog; path = Assets.xcassets; sourceTree = "<group>"; };
		2B55506F1E88F430004EEEEF /* Base */ = {isa = PBXFileReference; lastKnownFileType = file.storyboard; name = Base; path = Base.lproj/LaunchScreen.storyboard; sourceTree = "<group>"; };
		2B5550761E88F430004EEEEF /* nishisujiTests.xctest */ = {isa = PBXFileReference; explicitFileType = wrapper.cfbundle; includeInIndex = 0; path = nishisujiTests.xctest; sourceTree = BUILT_PRODUCTS_DIR; };
		2B55507A1E88F430004EEEEF /* nishisujiTests.swift */ = {isa = PBXFileReference; lastKnownFileType = sourcecode.swift; path = nishisujiTests.swift; sourceTree = "<group>"; };
		2B55507C1E88F430004EEEEF /* Info.plist */ = {isa = PBXFileReference; lastKnownFileType = text.plist.xml; path = Info.plist; sourceTree = "<group>"; };
		2B5550811E88F430004EEEEF /* nishisujiUITests.xctest */ = {isa = PBXFileReference; explicitFileType = wrapper.cfbundle; includeInIndex = 0; path = nishisujiUITests.xctest; sourceTree = BUILT_PRODUCTS_DIR; };
		2B5550851E88F430004EEEEF /* nishisujiUITests.swift */ = {isa = PBXFileReference; lastKnownFileType = sourcecode.swift; path = nishisujiUITests.swift; sourceTree = "<group>"; };
		2B5550871E88F430004EEEEF /* Info.plist */ = {isa = PBXFileReference; lastKnownFileType = text.plist.xml; path = Info.plist; sourceTree = "<group>"; };
		2B5550931E8919C0004EEEEF /* yesterday.jpg */ = {isa = PBXFileReference; lastKnownFileType = image.jpeg; path = yesterday.jpg; sourceTree = "<group>"; };
		2B640DC31EABDD4200039039 /* 01.png */ = {isa = PBXFileReference; lastKnownFileType = image.png; name = 01.png; path = ../../../Downloads/01.png; sourceTree = "<group>"; };
		2B640DC51EABDD4B00039039 /* 03.png */ = {isa = PBXFileReference; lastKnownFileType = image.png; name = 03.png; path = ../../../Downloads/03.png; sourceTree = "<group>"; };
		2B6C6EEA1E8A2773005E85BD /* ViewController.swift */ = {isa = PBXFileReference; fileEncoding = 4; lastKnownFileType = sourcecode.swift; path = ViewController.swift; sourceTree = "<group>"; };
		2B6C6EEC1E8A3194005E85BD /* customCell.swift */ = {isa = PBXFileReference; fileEncoding = 4; lastKnownFileType = sourcecode.swift; path = customCell.swift; sourceTree = "<group>"; };
		2B752BA31E9103C9003B1F71 /* tuika.swift */ = {isa = PBXFileReference; fileEncoding = 4; lastKnownFileType = sourcecode.swift; path = tuika.swift; sourceTree = "<group>"; };
		2B77F2671EAC847F0041FB44 /* 04.jpg */ = {isa = PBXFileReference; lastKnownFileType = image.jpeg; name = 04.jpg; path = ../04.jpg; sourceTree = "<group>"; };
		2B8093611E8CCC8F006FA676 /* categorydetail.swift */ = {isa = PBXFileReference; fileEncoding = 4; lastKnownFileType = sourcecode.swift; path = categorydetail.swift; sourceTree = "<group>"; };
		2B8A86551E892D66006BFF70 /* category.swift */ = {isa = PBXFileReference; fileEncoding = 4; lastKnownFileType = sourcecode.swift; path = category.swift; sourceTree = "<group>"; };
		2B9B08A51EA286A000EDBDB8 /* everyday.swift */ = {isa = PBXFileReference; fileEncoding = 4; lastKnownFileType = sourcecode.swift; path = everyday.swift; sourceTree = "<group>"; };
		2BB527DE1E8B7E08003E2451 /* newFashionViewController.swift */ = {isa = PBXFileReference; fileEncoding = 4; lastKnownFileType = sourcecode.swift; path = newFashionViewController.swift; sourceTree = "<group>"; };
		2BC5D4CA1E93634A00852777 /* nishisuji.xcdatamodel */ = {isa = PBXFileReference; lastKnownFileType = wrapper.xcdatamodel; path = nishisuji.xcdatamodel; sourceTree = "<group>"; };
		2BC5D4CC1E93666700852777 /* Myitem+CoreDataClass.swift */ = {isa = PBXFileReference; fileEncoding = 4; lastKnownFileType = sourcecode.swift; path = "Myitem+CoreDataClass.swift"; sourceTree = "<group>"; };
		2BC5D4CD1E93666700852777 /* Myitem+CoreDataProperties.swift */ = {isa = PBXFileReference; fileEncoding = 4; lastKnownFileType = sourcecode.swift; path = "Myitem+CoreDataProperties.swift"; sourceTree = "<group>"; };
/* End PBXFileReference section */

/* Begin PBXFrameworksBuildPhase section */
		2B55505F1E88F430004EEEEF /* Frameworks */ = {
			isa = PBXFrameworksBuildPhase;
			buildActionMask = 2147483647;
			files = (
			);
			runOnlyForDeploymentPostprocessing = 0;
		};
		2B5550731E88F430004EEEEF /* Frameworks */ = {
			isa = PBXFrameworksBuildPhase;
			buildActionMask = 2147483647;
			files = (
			);
			runOnlyForDeploymentPostprocessing = 0;
		};
		2B55507E1E88F430004EEEEF /* Frameworks */ = {
			isa = PBXFrameworksBuildPhase;
			buildActionMask = 2147483647;
			files = (
			);
			runOnlyForDeploymentPostprocessing = 0;
		};
/* End PBXFrameworksBuildPhase section */

/* Begin PBXGroup section */
		2B5550591E88F430004EEEEF = {
			isa = PBXGroup;
			children = (
				2B3B50271E94B27900FFE8B4 /* Myfashion+CoreDataClass.swift */,
				2B3B50281E94B27900FFE8B4 /* Myfashion+CoreDataProperties.swift */,
				2BC5D4CC1E93666700852777 /* Myitem+CoreDataClass.swift */,
				2BC5D4CD1E93666700852777 /* Myitem+CoreDataProperties.swift */,
				2B5550931E8919C0004EEEEF /* yesterday.jpg */,
				2B640DC31EABDD4200039039 /* 01.png */,
				2B640DC51EABDD4B00039039 /* 03.png */,
				2B77F2671EAC847F0041FB44 /* 04.jpg */,
				2B4468E31EADCB6400482CD4 /* myitemselect.png */,
				2B4468E11EADCB5A00482CD4 /* myfashionselect.png */,
				2B5550641E88F430004EEEEF /* nishisuji */,
				2B5550791E88F430004EEEEF /* nishisujiTests */,
				2B5550841E88F430004EEEEF /* nishisujiUITests */,
				2B5550631E88F430004EEEEF /* Products */,
			);
			sourceTree = "<group>";
		};
		2B5550631E88F430004EEEEF /* Products */ = {
			isa = PBXGroup;
			children = (
				2B5550621E88F430004EEEEF /* nishisuji.app */,
				2B5550761E88F430004EEEEF /* nishisujiTests.xctest */,
				2B5550811E88F430004EEEEF /* nishisujiUITests.xctest */,
			);
			name = Products;
			sourceTree = "<group>";
		};
		2B5550641E88F430004EEEEF /* nishisuji */ = {
			isa = PBXGroup;
			children = (
				2B6C6EEA1E8A2773005E85BD /* ViewController.swift */,
				2B5550651E88F430004EEEEF /* AppDelegate.swift */,
				2B5550691E88F430004EEEEF /* Main.storyboard */,
				2B55506C1E88F430004EEEEF /* Assets.xcassets */,
				2B55506E1E88F430004EEEEF /* LaunchScreen.storyboard */,
				2B8A86551E892D66006BFF70 /* category.swift */,
				2B6C6EEC1E8A3194005E85BD /* customCell.swift */,
				2BB527DE1E8B7E08003E2451 /* newFashionViewController.swift */,
				2B8093611E8CCC8F006FA676 /* categorydetail.swift */,
				2B12C9DF1E90D9FA00962F0B /* tansu.swift */,
				2B12C9E11E90DDDF00962F0B /* clothes.swift */,
				2B752BA31E9103C9003B1F71 /* tuika.swift */,
				2B3B502B1E94C81200FFE8B4 /* customImage.swift */,
				2BC5D4C91E93634A00852777 /* nishisuji.xcdatamodeld */,
				2B12A36A1E96153100D901A8 /* Info.plist */,
				2B9B08A51EA286A000EDBDB8 /* everyday.swift */,
			);
			path = nishisuji;
			sourceTree = "<group>";
		};
		2B5550791E88F430004EEEEF /* nishisujiTests */ = {
			isa = PBXGroup;
			children = (
				2B55507A1E88F430004EEEEF /* nishisujiTests.swift */,
				2B55507C1E88F430004EEEEF /* Info.plist */,
			);
			path = nishisujiTests;
			sourceTree = "<group>";
		};
		2B5550841E88F430004EEEEF /* nishisujiUITests */ = {
			isa = PBXGroup;
			children = (
				2B5550851E88F430004EEEEF /* nishisujiUITests.swift */,
				2B5550871E88F430004EEEEF /* Info.plist */,
			);
			path = nishisujiUITests;
			sourceTree = "<group>";
		};
/* End PBXGroup section */

/* Begin PBXNativeTarget section */
		2B5550611E88F430004EEEEF /* nishisuji */ = {
			isa = PBXNativeTarget;
			buildConfigurationList = 2B55508A1E88F430004EEEEF /* Build configuration list for PBXNativeTarget "nishisuji" */;
			buildPhases = (
				2B55505E1E88F430004EEEEF /* Sources */,
				2B55505F1E88F430004EEEEF /* Frameworks */,
				2B5550601E88F430004EEEEF /* Resources */,
			);
			buildRules = (
			);
			dependencies = (
			);
			name = nishisuji;
			productName = nishisuji;
			productReference = 2B5550621E88F430004EEEEF /* nishisuji.app */;
			productType = "com.apple.product-type.application";
		};
		2B5550751E88F430004EEEEF /* nishisujiTests */ = {
			isa = PBXNativeTarget;
			buildConfigurationList = 2B55508D1E88F430004EEEEF /* Build configuration list for PBXNativeTarget "nishisujiTests" */;
			buildPhases = (
				2B5550721E88F430004EEEEF /* Sources */,
				2B5550731E88F430004EEEEF /* Frameworks */,
				2B5550741E88F430004EEEEF /* Resources */,
			);
			buildRules = (
			);
			dependencies = (
				2B5550781E88F430004EEEEF /* PBXTargetDependency */,
			);
			name = nishisujiTests;
			productName = nishisujiTests;
			productReference = 2B5550761E88F430004EEEEF /* nishisujiTests.xctest */;
			productType = "com.apple.product-type.bundle.unit-test";
		};
		2B5550801E88F430004EEEEF /* nishisujiUITests */ = {
			isa = PBXNativeTarget;
			buildConfigurationList = 2B5550901E88F430004EEEEF /* Build configuration list for PBXNativeTarget "nishisujiUITests" */;
			buildPhases = (
				2B55507D1E88F430004EEEEF /* Sources */,
				2B55507E1E88F430004EEEEF /* Frameworks */,
				2B55507F1E88F430004EEEEF /* Resources */,
			);
			buildRules = (
			);
			dependencies = (
				2B5550831E88F430004EEEEF /* PBXTargetDependency */,
			);
			name = nishisujiUITests;
			productName = nishisujiUITests;
			productReference = 2B5550811E88F430004EEEEF /* nishisujiUITests.xctest */;
			productType = "com.apple.product-type.bundle.ui-testing";
		};
/* End PBXNativeTarget section */

/* Begin PBXProject section */
		2B55505A1E88F430004EEEEF /* Project object */ = {
			isa = PBXProject;
			attributes = {
				LastSwiftUpdateCheck = 0820;
				LastUpgradeCheck = 0820;
				ORGANIZATIONNAME = "Hiroto Nishisuji";
				TargetAttributes = {
					2B5550611E88F430004EEEEF = {
						CreatedOnToolsVersion = 8.2.1;
						DevelopmentTeam = 5339BL2S95;
						ProvisioningStyle = Automatic;
					};
					2B5550751E88F430004EEEEF = {
						CreatedOnToolsVersion = 8.2.1;
						ProvisioningStyle = Automatic;
						TestTargetID = 2B5550611E88F430004EEEEF;
					};
					2B5550801E88F430004EEEEF = {
						CreatedOnToolsVersion = 8.2.1;
						ProvisioningStyle = Automatic;
						TestTargetID = 2B5550611E88F430004EEEEF;
					};
				};
			};
			buildConfigurationList = 2B55505D1E88F430004EEEEF /* Build configuration list for PBXProject "nishisuji" */;
			compatibilityVersion = "Xcode 3.2";
			developmentRegion = English;
			hasScannedForEncodings = 0;
			knownRegions = (
				en,
				Base,
			);
			mainGroup = 2B5550591E88F430004EEEEF;
			productRefGroup = 2B5550631E88F430004EEEEF /* Products */;
			projectDirPath = "";
			projectRoot = "";
			targets = (
				2B5550611E88F430004EEEEF /* nishisuji */,
				2B5550751E88F430004EEEEF /* nishisujiTests */,
				2B5550801E88F430004EEEEF /* nishisujiUITests */,
			);
		};
/* End PBXProject section */

/* Begin PBXResourcesBuildPhase section */
		2B5550601E88F430004EEEEF /* Resources */ = {
			isa = PBXResourcesBuildPhase;
			buildActionMask = 2147483647;
			files = (
				2B640DC61EABDD4B00039039 /* 03.png in Resources */,
				2B77F2681EAC847F0041FB44 /* 04.jpg in Resources */,
				2B4468E41EADCB6400482CD4 /* myitemselect.png in Resources */,
				2B640DC41EABDD4200039039 /* 01.png in Resources */,
				2B5550701E88F430004EEEEF /* LaunchScreen.storyboard in Resources */,
				2B4468E21EADCB5A00482CD4 /* myfashionselect.png in Resources */,
				2B55506D1E88F430004EEEEF /* Assets.xcassets in Resources */,
				2B5550941E8919C0004EEEEF /* yesterday.jpg in Resources */,
				2B12A36B1E96153100D901A8 /* Info.plist in Resources */,
				2B55506B1E88F430004EEEEF /* Main.storyboard in Resources */,
			);
			runOnlyForDeploymentPostprocessing = 0;
		};
		2B5550741E88F430004EEEEF /* Resources */ = {
			isa = PBXResourcesBuildPhase;
			buildActionMask = 2147483647;
			files = (
			);
			runOnlyForDeploymentPostprocessing = 0;
		};
		2B55507F1E88F430004EEEEF /* Resources */ = {
			isa = PBXResourcesBuildPhase;
			buildActionMask = 2147483647;
			files = (
			);
			runOnlyForDeploymentPostprocessing = 0;
		};
/* End PBXResourcesBuildPhase section */

/* Begin PBXSourcesBuildPhase section */
		2B55505E1E88F430004EEEEF /* Sources */ = {
			isa = PBXSourcesBuildPhase;
			buildActionMask = 2147483647;
			files = (
				2B6C6EEB1E8A2773005E85BD /* ViewController.swift in Sources */,
				2B12C9E01E90D9FA00962F0B /* tansu.swift in Sources */,
				2B9B08A61EA286A000EDBDB8 /* everyday.swift in Sources */,
				2BC5D4D11E93666700852777 /* Myitem+CoreDataProperties.swift in Sources */,
				2B12C9E21E90DDDF00962F0B /* clothes.swift in Sources */,
				2B752BA41E9103C9003B1F71 /* tuika.swift in Sources */,
				2BC5D4CB1E93634A00852777 /* nishisuji.xcdatamodeld in Sources */,
				2B3B502C1E94C81200FFE8B4 /* customImage.swift in Sources */,
				2B3B50291E94B27900FFE8B4 /* Myfashion+CoreDataClass.swift in Sources */,
				2B5550661E88F430004EEEEF /* AppDelegate.swift in Sources */,
				2B8093621E8CCC8F006FA676 /* categorydetail.swift in Sources */,
				2B6C6EED1E8A3194005E85BD /* customCell.swift in Sources */,
				2BC5D4D01E93666700852777 /* Myitem+CoreDataClass.swift in Sources */,
				2BB527DF1E8B7E08003E2451 /* newFashionViewController.swift in Sources */,
				2B3B502A1E94B27900FFE8B4 /* Myfashion+CoreDataProperties.swift in Sources */,
				2B8A86561E892D66006BFF70 /* category.swift in Sources */,
			);
			runOnlyForDeploymentPostprocessing = 0;
		};
		2B5550721E88F430004EEEEF /* Sources */ = {
			isa = PBXSourcesBuildPhase;
			buildActionMask = 2147483647;
			files = (
				2B55507B1E88F430004EEEEF /* nishisujiTests.swift in Sources */,
			);
			runOnlyForDeploymentPostprocessing = 0;
		};
		2B55507D1E88F430004EEEEF /* Sources */ = {
			isa = PBXSourcesBuildPhase;
			buildActionMask = 2147483647;
			files = (
				2B5550861E88F430004EEEEF /* nishisujiUITests.swift in Sources */,
			);
			runOnlyForDeploymentPostprocessing = 0;
		};
/* End PBXSourcesBuildPhase section */

/* Begin PBXTargetDependency section */
		2B5550781E88F430004EEEEF /* PBXTargetDependency */ = {
			isa = PBXTargetDependency;
			target = 2B5550611E88F430004EEEEF /* nishisuji */;
			targetProxy = 2B5550771E88F430004EEEEF /* PBXContainerItemProxy */;
		};
		2B5550831E88F430004EEEEF /* PBXTargetDependency */ = {
			isa = PBXTargetDependency;
			target = 2B5550611E88F430004EEEEF /* nishisuji */;
			targetProxy = 2B5550821E88F430004EEEEF /* PBXContainerItemProxy */;
		};
/* End PBXTargetDependency section */

/* Begin PBXVariantGroup section */
		2B5550691E88F430004EEEEF /* Main.storyboard */ = {
			isa = PBXVariantGroup;
			children = (
				2B55506A1E88F430004EEEEF /* Base */,
			);
			name = Main.storyboard;
			sourceTree = "<group>";
		};
		2B55506E1E88F430004EEEEF /* LaunchScreen.storyboard */ = {
			isa = PBXVariantGroup;
			children = (
				2B55506F1E88F430004EEEEF /* Base */,
			);
			name = LaunchScreen.storyboard;
			sourceTree = "<group>";
		};
/* End PBXVariantGroup section */

/* Begin XCBuildConfiguration section */
		2B5550881E88F430004EEEEF /* Debug */ = {
			isa = XCBuildConfiguration;
			buildSettings = {
				ALWAYS_SEARCH_USER_PATHS = NO;
				CLANG_ANALYZER_NONNULL = YES;
				CLANG_CXX_LANGUAGE_STANDARD = "gnu++0x";
				CLANG_CXX_LIBRARY = "libc++";
				CLANG_ENABLE_MODULES = YES;
				CLANG_ENABLE_OBJC_ARC = YES;
				CLANG_WARN_BOOL_CONVERSION = YES;
				CLANG_WARN_CONSTANT_CONVERSION = YES;
				CLANG_WARN_DIRECT_OBJC_ISA_USAGE = YES_ERROR;
				CLANG_WARN_DOCUMENTATION_COMMENTS = YES;
				CLANG_WARN_EMPTY_BODY = YES;
				CLANG_WARN_ENUM_CONVERSION = YES;
				CLANG_WARN_INFINITE_RECURSION = YES;
				CLANG_WARN_INT_CONVERSION = YES;
				CLANG_WARN_OBJC_ROOT_CLASS = YES_ERROR;
				CLANG_WARN_SUSPICIOUS_MOVE = YES;
				CLANG_WARN_UNREACHABLE_CODE = YES;
				CLANG_WARN__DUPLICATE_METHOD_MATCH = YES;
				"CODE_SIGN_IDENTITY[sdk=iphoneos*]" = "iPhone Developer";
				COPY_PHASE_STRIP = NO;
				DEBUG_INFORMATION_FORMAT = dwarf;
				ENABLE_STRICT_OBJC_MSGSEND = YES;
				ENABLE_TESTABILITY = YES;
				GCC_C_LANGUAGE_STANDARD = gnu99;
				GCC_DYNAMIC_NO_PIC = NO;
				GCC_NO_COMMON_BLOCKS = YES;
				GCC_OPTIMIZATION_LEVEL = 0;
				GCC_PREPROCESSOR_DEFINITIONS = (
					"DEBUG=1",
					"$(inherited)",
				);
				GCC_WARN_64_TO_32_BIT_CONVERSION = YES;
				GCC_WARN_ABOUT_RETURN_TYPE = YES_ERROR;
				GCC_WARN_UNDECLARED_SELECTOR = YES;
				GCC_WARN_UNINITIALIZED_AUTOS = YES_AGGRESSIVE;
				GCC_WARN_UNUSED_FUNCTION = YES;
				GCC_WARN_UNUSED_VARIABLE = YES;
				IPHONEOS_DEPLOYMENT_TARGET = 10.2;
				MTL_ENABLE_DEBUG_INFO = YES;
				ONLY_ACTIVE_ARCH = YES;
				SDKROOT = iphoneos;
				SWIFT_ACTIVE_COMPILATION_CONDITIONS = DEBUG;
				SWIFT_OPTIMIZATION_LEVEL = "-Onone";
				TARGETED_DEVICE_FAMILY = "1,2";
			};
			name = Debug;
		};
		2B5550891E88F430004EEEEF /* Release */ = {
			isa = XCBuildConfiguration;
			buildSettings = {
				ALWAYS_SEARCH_USER_PATHS = NO;
				CLANG_ANALYZER_NONNULL = YES;
				CLANG_CXX_LANGUAGE_STANDARD = "gnu++0x";
				CLANG_CXX_LIBRARY = "libc++";
				CLANG_ENABLE_MODULES = YES;
				CLANG_ENABLE_OBJC_ARC = YES;
				CLANG_WARN_BOOL_CONVERSION = YES;
				CLANG_WARN_CONSTANT_CONVERSION = YES;
				CLANG_WARN_DIRECT_OBJC_ISA_USAGE = YES_ERROR;
				CLANG_WARN_DOCUMENTATION_COMMENTS = YES;
				CLANG_WARN_EMPTY_BODY = YES;
				CLANG_WARN_ENUM_CONVERSION = YES;
				CLANG_WARN_INFINITE_RECURSION = YES;
				CLANG_WARN_INT_CONVERSION = YES;
				CLANG_WARN_OBJC_ROOT_CLASS = YES_ERROR;
				CLANG_WARN_SUSPICIOUS_MOVE = YES;
				CLANG_WARN_UNREACHABLE_CODE = YES;
				CLANG_WARN__DUPLICATE_METHOD_MATCH = YES;
				"CODE_SIGN_IDENTITY[sdk=iphoneos*]" = "iPhone Developer";
				COPY_PHASE_STRIP = NO;
				DEBUG_INFORMATION_FORMAT = "dwarf-with-dsym";
				ENABLE_NS_ASSERTIONS = NO;
				ENABLE_STRICT_OBJC_MSGSEND = YES;
				GCC_C_LANGUAGE_STANDARD = gnu99;
				GCC_NO_COMMON_BLOCKS = YES;
				GCC_WARN_64_TO_32_BIT_CONVERSION = YES;
				GCC_WARN_ABOUT_RETURN_TYPE = YES_ERROR;
				GCC_WARN_UNDECLARED_SELECTOR = YES;
				GCC_WARN_UNINITIALIZED_AUTOS = YES_AGGRESSIVE;
				GCC_WARN_UNUSED_FUNCTION = YES;
				GCC_WARN_UNUSED_VARIABLE = YES;
				IPHONEOS_DEPLOYMENT_TARGET = 10.2;
				MTL_ENABLE_DEBUG_INFO = NO;
				SDKROOT = iphoneos;
				SWIFT_OPTIMIZATION_LEVEL = "-Owholemodule";
				TARGETED_DEVICE_FAMILY = "1,2";
				VALIDATE_PRODUCT = YES;
			};
			name = Release;
		};
		2B55508B1E88F430004EEEEF /* Debug */ = {
			isa = XCBuildConfiguration;
			buildSettings = {
				ASSETCATALOG_COMPILER_APPICON_NAME = AppIcon;
				DEVELOPMENT_TEAM = 5339BL2S95;
				INFOPLIST_FILE = nishisuji/Info.plist;
				LD_RUNPATH_SEARCH_PATHS = "$(inherited) @executable_path/Frameworks";
				PRODUCT_BUNDLE_IDENTIFIER = com.nishisuji.nishinishi;
				PRODUCT_NAME = "$(TARGET_NAME)";
				SWIFT_VERSION = 3.0;
			};
			name = Debug;
		};
		2B55508C1E88F430004EEEEF /* Release */ = {
			isa = XCBuildConfiguration;
			buildSettings = {
				ASSETCATALOG_COMPILER_APPICON_NAME = AppIcon;
				DEVELOPMENT_TEAM = 5339BL2S95;
				INFOPLIST_FILE = nishisuji/Info.plist;
				LD_RUNPATH_SEARCH_PATHS = "$(inherited) @executable_path/Frameworks";
				PRODUCT_BUNDLE_IDENTIFIER = com.nishisuji.nishinishi;
				PRODUCT_NAME = "$(TARGET_NAME)";
				SWIFT_VERSION = 3.0;
			};
			name = Release;
		};
		2B55508E1E88F430004EEEEF /* Debug */ = {
			isa = XCBuildConfiguration;
			buildSettings = {
				ALWAYS_EMBED_SWIFT_STANDARD_LIBRARIES = YES;
				BUNDLE_LOADER = "$(TEST_HOST)";
				INFOPLIST_FILE = nishisujiTests/Info.plist;
				LD_RUNPATH_SEARCH_PATHS = "$(inherited) @executable_path/Frameworks @loader_path/Frameworks";
				PRODUCT_BUNDLE_IDENTIFIER = com.nishisuji.nishisujiTests;
				PRODUCT_NAME = "$(TARGET_NAME)";
				SWIFT_VERSION = 3.0;
				TEST_HOST = "$(BUILT_PRODUCTS_DIR)/nishisuji.app/nishisuji";
			};
			name = Debug;
		};
		2B55508F1E88F430004EEEEF /* Release */ = {
			isa = XCBuildConfiguration;
			buildSettings = {
				ALWAYS_EMBED_SWIFT_STANDARD_LIBRARIES = YES;
				BUNDLE_LOADER = "$(TEST_HOST)";
				INFOPLIST_FILE = nishisujiTests/Info.plist;
				LD_RUNPATH_SEARCH_PATHS = "$(inherited) @executable_path/Frameworks @loader_path/Frameworks";
				PRODUCT_BUNDLE_IDENTIFIER = com.nishisuji.nishisujiTests;
				PRODUCT_NAME = "$(TARGET_NAME)";
				SWIFT_VERSION = 3.0;
				TEST_HOST = "$(BUILT_PRODUCTS_DIR)/nishisuji.app/nishisuji";
			};
			name = Release;
		};
		2B5550911E88F430004EEEEF /* Debug */ = {
			isa = XCBuildConfiguration;
			buildSettings = {
				ALWAYS_EMBED_SWIFT_STANDARD_LIBRARIES = YES;
				INFOPLIST_FILE = nishisujiUITests/Info.plist;
				LD_RUNPATH_SEARCH_PATHS = "$(inherited) @executable_path/Frameworks @loader_path/Frameworks";
				PRODUCT_BUNDLE_IDENTIFIER = com.nishisuji.nishisujiUITests;
				PRODUCT_NAME = "$(TARGET_NAME)";
				SWIFT_VERSION = 3.0;
				TEST_TARGET_NAME = nishisuji;
			};
			name = Debug;
		};
		2B5550921E88F430004EEEEF /* Release */ = {
			isa = XCBuildConfiguration;
			buildSettings = {
				ALWAYS_EMBED_SWIFT_STANDARD_LIBRARIES = YES;
				INFOPLIST_FILE = nishisujiUITests/Info.plist;
				LD_RUNPATH_SEARCH_PATHS = "$(inherited) @executable_path/Frameworks @loader_path/Frameworks";
				PRODUCT_BUNDLE_IDENTIFIER = com.nishisuji.nishisujiUITests;
				PRODUCT_NAME = "$(TARGET_NAME)";
				SWIFT_VERSION = 3.0;
				TEST_TARGET_NAME = nishisuji;
			};
			name = Release;
		};
/* End XCBuildConfiguration section */

/* Begin XCConfigurationList section */
		2B55505D1E88F430004EEEEF /* Build configuration list for PBXProject "nishisuji" */ = {
			isa = XCConfigurationList;
			buildConfigurations = (
				2B5550881E88F430004EEEEF /* Debug */,
				2B5550891E88F430004EEEEF /* Release */,
			);
			defaultConfigurationIsVisible = 0;
			defaultConfigurationName = Release;
		};
		2B55508A1E88F430004EEEEF /* Build configuration list for PBXNativeTarget "nishisuji" */ = {
			isa = XCConfigurationList;
			buildConfigurations = (
				2B55508B1E88F430004EEEEF /* Debug */,
				2B55508C1E88F430004EEEEF /* Release */,
			);
			defaultConfigurationIsVisible = 0;
			defaultConfigurationName = Release;
		};
		2B55508D1E88F430004EEEEF /* Build configuration list for PBXNativeTarget "nishisujiTests" */ = {
			isa = XCConfigurationList;
			buildConfigurations = (
				2B55508E1E88F430004EEEEF /* Debug */,
				2B55508F1E88F430004EEEEF /* Release */,
			);
			defaultConfigurationIsVisible = 0;
			defaultConfigurationName = Release;
		};
		2B5550901E88F430004EEEEF /* Build configuration list for PBXNativeTarget "nishisujiUITests" */ = {
			isa = XCConfigurationList;
			buildConfigurations = (
				2B5550911E88F430004EEEEF /* Debug */,
				2B5550921E88F430004EEEEF /* Release */,
			);
			defaultConfigurationIsVisible = 0;
			defaultConfigurationName = Release;
		};
/* End XCConfigurationList section */

/* Begin XCVersionGroup section */
		2BC5D4C91E93634A00852777 /* nishisuji.xcdatamodeld */ = {
			isa = XCVersionGroup;
			children = (
				2BC5D4CA1E93634A00852777 /* nishisuji.xcdatamodel */,
			);
			currentVersion = 2BC5D4CA1E93634A00852777 /* nishisuji.xcdatamodel */;
			path = nishisuji.xcdatamodeld;
			sourceTree = "<group>";
			versionGroupType = wrapper.xcdatamodel;
		};
/* End XCVersionGroup section */
	};
	rootObject = 2B55505A1E88F430004EEEEF /* Project object */;
}
